PODS:
  - AFNetworking (1.3.1)
  - GHUnitIOS (0.5.6)
  - GMGridView (1.1.1)
  - Nocilla (0.6)
  - RestKit (0.20.2):
    - RestKit/Core
  - RestKit/Core (0.20.2):
    - RestKit/CoreData
    - RestKit/Network
    - RestKit/ObjectMapping
  - RestKit/CoreData (0.20.2)
  - RestKit/Network (0.20.2):
    - AFNetworking (~> 1.3.0)
    - RestKit/ObjectMapping
    - RestKit/Support
    - SOCKit
  - RestKit/ObjectMapping (0.20.2)
  - RestKit/Support (0.20.2):
    - TransitionKit (= 1.1.1)
  - SOCKit (1.1)
  - TransitionKit (1.1.1)

DEPENDENCIES:
  - GHUnitIOS
  - GMGridView (= 1.1.1)
  - Nocilla
  - RestKit (~> 0.20.0)

SPEC CHECKSUMS:
  AFNetworking: 9ec8aafb9269236a7630bd8d9838ce2ba30fa2a0
  GHUnitIOS: bf149b2c44084eee2785ce4ac3675c3a699e509d
  GMGridView: a17a31f010990eb8f802abb4cab50e6e03e993ea
  Nocilla: 8eb1de5a53f8567ca529d144880525448c6e713c
  RestKit: e511651e916245fa4becfb0e8f966a1fa021fcd4
  SOCKit: 2f3bc4d07910de12dcc202815e07db68a3802581
  TransitionKit: d0e3344aac92991395d4c2e72d9c5a8ceeb12910

COCOAPODS: 0.22.2
