// !$*UTF8*$!
{
	archiveVersion = 1;
	classes = {
	};
	objectVersion = 46;
	objects = {

/* Begin PBXBuildFile section */
		4752C04015B94ECE008CE664 /* SKProductCreator.h in Headers */ = {isa = PBXBuildFile; fileRef = 4752C03E15B94ECE008CE664 /* SKProductCreator.h */; settings = {ATTRIBUTES = (Public, ); }; };
		4752C04115B94ECE008CE664 /* SKProductCreator.m in Sources */ = {isa = PBXBuildFile; fileRef = 4752C03F15B94ECE008CE664 /* SKProductCreator.m */; };
		4752C04215B94ECE008CE664 /* SKProductCreator.m in Sources */ = {isa = PBXBuildFile; fileRef = 4752C03F15B94ECE008CE664 /* SKProductCreator.m */; };
		4752C04615B95717008CE664 /* SKProductView.h in Headers */ = {isa = PBXBuildFile; fileRef = 4752C04415B95717008CE664 /* SKProductView.h */; settings = {ATTRIBUTES = (Public, ); }; };
		4752C04715B95717008CE664 /* SKProductView.m in Sources */ = {isa = PBXBuildFile; fileRef = 4752C04515B95717008CE664 /* SKProductView.m */; };
		4752C04815B95717008CE664 /* SKProductView.m in Sources */ = {isa = PBXBuildFile; fileRef = 4752C04515B95717008CE664 /* SKProductView.m */; };
		4752C04B15B95A21008CE664 /* SKProductConfigurationView.h in Headers */ = {isa = PBXBuildFile; fileRef = 4752C04915B95A21008CE664 /* SKProductConfigurationView.h */; settings = {ATTRIBUTES = (Public, ); }; };
		4752C04C15B95A21008CE664 /* SKProductConfigurationView.m in Sources */ = {isa = PBXBuildFile; fileRef = 4752C04A15B95A21008CE664 /* SKProductConfigurationView.m */; };
		4752C04D15B95A21008CE664 /* SKProductConfigurationView.m in Sources */ = {isa = PBXBuildFile; fileRef = 4752C04A15B95A21008CE664 /* SKProductConfigurationView.m */; };
		C0136D6C150108A30044BB55 /* libOCMock.a in Frameworks */ = {isa = PBXBuildFile; fileRef = C03F304B14DC20AC003E2527 /* libOCMock.a */; };
		C0136D6D150108B20044BB55 /* CoreData.framework in Frameworks */ = {isa = PBXBuildFile; fileRef = C0C4D0DF14C9B77500109A96 /* CoreData.framework */; };
		C0136D6E150108B80044BB55 /* CFNetwork.framework in Frameworks */ = {isa = PBXBuildFile; fileRef = C0C4D0DD14C9B76D00109A96 /* CFNetwork.framework */; };
		C0136D6F150108C20044BB55 /* SystemConfiguration.framework in Frameworks */ = {isa = PBXBuildFile; fileRef = C0C4D0E514C9B78D00109A96 /* SystemConfiguration.framework */; };
		C0136D70150108C90044BB55 /* libxml2.dylib in Frameworks */ = {isa = PBXBuildFile; fileRef = C0C4D0E714C9B79500109A96 /* libxml2.dylib */; };
		C0136D71150108CF0044BB55 /* Security.framework in Frameworks */ = {isa = PBXBuildFile; fileRef = C0C4D0E314C9B78600109A96 /* Security.framework */; };
		C0136D72150108D40044BB55 /* MobileCoreServices.framework in Frameworks */ = {isa = PBXBuildFile; fileRef = C0C4D0E114C9B77D00109A96 /* MobileCoreServices.framework */; };
		C01D335915C6C32200C77A0B /* SKProductCreatorTests.m in Sources */ = {isa = PBXBuildFile; fileRef = C01D335815C6C32200C77A0B /* SKProductCreatorTests.m */; };
		C025362A15E7744D000FA70E /* UIImage+Orientation.h in Headers */ = {isa = PBXBuildFile; fileRef = C025362815E7744D000FA70E /* UIImage+Orientation.h */; settings = {ATTRIBUTES = (Public, ); }; };
		C025362B15E7744D000FA70E /* UIImage+Orientation.m in Sources */ = {isa = PBXBuildFile; fileRef = C025362915E7744D000FA70E /* UIImage+Orientation.m */; };
		C025362C15E7744D000FA70E /* UIImage+Orientation.m in Sources */ = {isa = PBXBuildFile; fileRef = C025362915E7744D000FA70E /* UIImage+Orientation.m */; };
		C02536AA15E7AC8E000FA70E /* SKAppearanceChooserView.h in Headers */ = {isa = PBXBuildFile; fileRef = C02536A815E7AC8E000FA70E /* SKAppearanceChooserView.h */; settings = {ATTRIBUTES = (Public, ); }; };
		C02536AB15E7AC8E000FA70E /* SKAppearanceChooserView.m in Sources */ = {isa = PBXBuildFile; fileRef = C02536A915E7AC8E000FA70E /* SKAppearanceChooserView.m */; };
		C02536AC15E7AC8E000FA70E /* SKAppearanceChooserView.m in Sources */ = {isa = PBXBuildFile; fileRef = C02536A915E7AC8E000FA70E /* SKAppearanceChooserView.m */; };
		C02536D315E7B58C000FA70E /* libGMGridView.a in Frameworks */ = {isa = PBXBuildFile; fileRef = C02536CD15E7B520000FA70E /* libGMGridView.a */; };
		C026F92715AEC56C00FFEB69 /* libRestKit.a in Frameworks */ = {isa = PBXBuildFile; fileRef = C026F90615AEC1BE00FFEB69 /* libRestKit.a */; };
		C026F92915AEC57B00FFEB69 /* QuartzCore.framework in Frameworks */ = {isa = PBXBuildFile; fileRef = C026F92815AEC57B00FFEB69 /* QuartzCore.framework */; };
		C026FA2015AEF99500FFEB69 /* SKDesignMappingTests.m in Sources */ = {isa = PBXBuildFile; fileRef = C026FA1F15AEF99500FFEB69 /* SKDesignMappingTests.m */; };
		C026FA2215AEFCD100FFEB69 /* design.json in Resources */ = {isa = PBXBuildFile; fileRef = C026FA2115AEFCD100FFEB69 /* design.json */; };
		C026FA2615AF0BD600FFEB69 /* testImage.jpg in Resources */ = {isa = PBXBuildFile; fileRef = C026FA2515AF0BD600FFEB69 /* testImage.jpg */; };
		C02F11D115B008FC00AF8276 /* DesignUploadIntegrationTests.m in Sources */ = {isa = PBXBuildFile; fileRef = C02F11C915B005D400AF8276 /* DesignUploadIntegrationTests.m */; };
		C033ADA015B567DA0071D341 /* Constants.h in Headers */ = {isa = PBXBuildFile; fileRef = C033AD9E15B567DA0071D341 /* Constants.h */; settings = {ATTRIBUTES = (Public, ); }; };
		C033ADA115B567DA0071D341 /* Constants.m in Sources */ = {isa = PBXBuildFile; fileRef = C033AD9F15B567DA0071D341 /* Constants.m */; };
		C033ADA215B567DA0071D341 /* Constants.m in Sources */ = {isa = PBXBuildFile; fileRef = C033AD9F15B567DA0071D341 /* Constants.m */; };
		C033ADE815B58A240071D341 /* SKViewSize.h in Headers */ = {isa = PBXBuildFile; fileRef = C033ADE615B58A220071D341 /* SKViewSize.h */; settings = {ATTRIBUTES = (Public, ); }; };
		C033ADE915B58A240071D341 /* SKViewSize.m in Sources */ = {isa = PBXBuildFile; fileRef = C033ADE715B58A220071D341 /* SKViewSize.m */; };
		C033ADEA15B58A240071D341 /* SKViewSize.m in Sources */ = {isa = PBXBuildFile; fileRef = C033ADE715B58A220071D341 /* SKViewSize.m */; };
		C033ADF215B58CDE0071D341 /* SKViewMap.h in Headers */ = {isa = PBXBuildFile; fileRef = C033ADF015B58CDE0071D341 /* SKViewMap.h */; settings = {ATTRIBUTES = (Public, ); }; };
		C033ADF315B58CDE0071D341 /* SKViewMap.m in Sources */ = {isa = PBXBuildFile; fileRef = C033ADF115B58CDE0071D341 /* SKViewMap.m */; };
		C033ADF415B58CDE0071D341 /* SKViewMap.m in Sources */ = {isa = PBXBuildFile; fileRef = C033ADF115B58CDE0071D341 /* SKViewMap.m */; };
		C035E4E415063FE800A52242 /* products2.json in Resources */ = {isa = PBXBuildFile; fileRef = C035E4E315063FE800A52242 /* products2.json */; };
		C0369C1415C2BF53008548AE /* SKProductMappingTests.m in Sources */ = {isa = PBXBuildFile; fileRef = C0369C1315C2BF53008548AE /* SKProductMappingTests.m */; };
		C03806E8150103780004BFC4 /* UIKit.framework in Frameworks */ = {isa = PBXBuildFile; fileRef = C09EF84014C99F83000BB775 /* UIKit.framework */; };
		C03806E9150103780004BFC4 /* Foundation.framework in Frameworks */ = {isa = PBXBuildFile; fileRef = C09EF81614C9953C000BB775 /* Foundation.framework */; };
		C03806EA150103780004BFC4 /* CoreGraphics.framework in Frameworks */ = {isa = PBXBuildFile; fileRef = C09EF84314C99F83000BB775 /* CoreGraphics.framework */; };
		C03806F0150103780004BFC4 /* InfoPlist.strings in Resources */ = {isa = PBXBuildFile; fileRef = C03806EE150103780004BFC4 /* InfoPlist.strings */; };
		C03806F2150103780004BFC4 /* main.m in Sources */ = {isa = PBXBuildFile; fileRef = C03806F1150103780004BFC4 /* main.m */; };
		C03806FB150103A20004BFC4 /* GHUnitIOS.framework in Frameworks */ = {isa = PBXBuildFile; fileRef = C03806FA150103A20004BFC4 /* GHUnitIOS.framework */; };
		C03806FE150104780004BFC4 /* SKClientTests.m in Sources */ = {isa = PBXBuildFile; fileRef = C0C6921614EE57440068C18D /* SKClientTests.m */; };
		C03806FF150104780004BFC4 /* SKImageLoaderTests.m in Sources */ = {isa = PBXBuildFile; fileRef = C0C6921714EE57440068C18D /* SKImageLoaderTests.m */; };
		C0380700150104780004BFC4 /* SKObjectMappingProviderTests.m in Sources */ = {isa = PBXBuildFile; fileRef = C0C6921814EE57440068C18D /* SKObjectMappingProviderTests.m */; };
		C0380701150104810004BFC4 /* product.json in Resources */ = {isa = PBXBuildFile; fileRef = C0C6921314EE57440068C18D /* product.json */; };
		C0380702150104810004BFC4 /* products.json in Resources */ = {isa = PBXBuildFile; fileRef = C0C6921414EE57440068C18D /* products.json */; };
		C04D271015B411810080C77F /* NSURL+PathParameters.h in Headers */ = {isa = PBXBuildFile; fileRef = C04D26E215B411810080C77F /* NSURL+PathParameters.h */; settings = {ATTRIBUTES = (Public, ); }; };
		C04D271115B411810080C77F /* NSURL+PathParameters.m in Sources */ = {isa = PBXBuildFile; fileRef = C04D26E315B411810080C77F /* NSURL+PathParameters.m */; };
		C04D271215B411810080C77F /* NSURL+PathParameters.m in Sources */ = {isa = PBXBuildFile; fileRef = C04D26E315B411810080C77F /* NSURL+PathParameters.m */; };
		C04D271315B411820080C77F /* SKAppearance.h in Headers */ = {isa = PBXBuildFile; fileRef = C04D26E415B411810080C77F /* SKAppearance.h */; settings = {ATTRIBUTES = (Public, ); }; };
		C04D271415B411820080C77F /* SKAppearance.m in Sources */ = {isa = PBXBuildFile; fileRef = C04D26E515B411810080C77F /* SKAppearance.m */; };
		C04D271515B411820080C77F /* SKAppearance.m in Sources */ = {isa = PBXBuildFile; fileRef = C04D26E515B411810080C77F /* SKAppearance.m */; };
		C04D271615B411820080C77F /* SKArticle.h in Headers */ = {isa = PBXBuildFile; fileRef = C04D26E615B411810080C77F /* SKArticle.h */; settings = {ATTRIBUTES = (Public, ); }; };
		C04D271715B411820080C77F /* SKArticle.m in Sources */ = {isa = PBXBuildFile; fileRef = C04D26E715B411810080C77F /* SKArticle.m */; };
		C04D271815B411820080C77F /* SKArticle.m in Sources */ = {isa = PBXBuildFile; fileRef = C04D26E715B411810080C77F /* SKArticle.m */; };
		C04D271915B411820080C77F /* SKAuthenticationProvider.h in Headers */ = {isa = PBXBuildFile; fileRef = C04D26E815B411810080C77F /* SKAuthenticationProvider.h */; settings = {ATTRIBUTES = (Public, ); }; };
		C04D271A15B411820080C77F /* SKAuthenticationProvider.m in Sources */ = {isa = PBXBuildFile; fileRef = C04D26E915B411810080C77F /* SKAuthenticationProvider.m */; };
		C04D271B15B411820080C77F /* SKAuthenticationProvider.m in Sources */ = {isa = PBXBuildFile; fileRef = C04D26E915B411810080C77F /* SKAuthenticationProvider.m */; };
		C04D271C15B411820080C77F /* SKBasket.h in Headers */ = {isa = PBXBuildFile; fileRef = C04D26EA15B411810080C77F /* SKBasket.h */; settings = {ATTRIBUTES = (Public, ); }; };
		C04D271D15B411820080C77F /* SKBasket.m in Sources */ = {isa = PBXBuildFile; fileRef = C04D26EB15B411810080C77F /* SKBasket.m */; };
		C04D271E15B411820080C77F /* SKBasket.m in Sources */ = {isa = PBXBuildFile; fileRef = C04D26EB15B411810080C77F /* SKBasket.m */; };
		C04D271F15B411820080C77F /* SKBasketItem.h in Headers */ = {isa = PBXBuildFile; fileRef = C04D26EC15B411810080C77F /* SKBasketItem.h */; settings = {ATTRIBUTES = (Public, ); }; };
		C04D272015B411820080C77F /* SKBasketItem.m in Sources */ = {isa = PBXBuildFile; fileRef = C04D26ED15B411810080C77F /* SKBasketItem.m */; };
		C04D272115B411820080C77F /* SKBasketItem.m in Sources */ = {isa = PBXBuildFile; fileRef = C04D26ED15B411810080C77F /* SKBasketItem.m */; };
		C04D272215B411820080C77F /* SKBasketManager.h in Headers */ = {isa = PBXBuildFile; fileRef = C04D26EE15B411810080C77F /* SKBasketManager.h */; settings = {ATTRIBUTES = (Public, ); }; };
		C04D272315B411820080C77F /* SKBasketManager.m in Sources */ = {isa = PBXBuildFile; fileRef = C04D26EF15B411810080C77F /* SKBasketManager.m */; };
		C04D272415B411820080C77F /* SKBasketManager.m in Sources */ = {isa = PBXBuildFile; fileRef = C04D26EF15B411810080C77F /* SKBasketManager.m */; };
		C04D272515B411820080C77F /* SKClient.h in Headers */ = {isa = PBXBuildFile; fileRef = C04D26F015B411810080C77F /* SKClient.h */; settings = {ATTRIBUTES = (Public, ); }; };
		C04D272615B411820080C77F /* SKClient.m in Sources */ = {isa = PBXBuildFile; fileRef = C04D26F115B411810080C77F /* SKClient.m */; };
		C04D272715B411820080C77F /* SKClient.m in Sources */ = {isa = PBXBuildFile; fileRef = C04D26F115B411810080C77F /* SKClient.m */; };
		C04D272815B411820080C77F /* SKDesign.h in Headers */ = {isa = PBXBuildFile; fileRef = C04D26F215B411810080C77F /* SKDesign.h */; settings = {ATTRIBUTES = (Public, ); }; };
		C04D272915B411820080C77F /* SKDesign.m in Sources */ = {isa = PBXBuildFile; fileRef = C04D26F315B411810080C77F /* SKDesign.m */; };
		C04D272A15B411820080C77F /* SKDesign.m in Sources */ = {isa = PBXBuildFile; fileRef = C04D26F315B411810080C77F /* SKDesign.m */; };
		C04D272B15B411820080C77F /* SKEntityList.h in Headers */ = {isa = PBXBuildFile; fileRef = C04D26F415B411810080C77F /* SKEntityList.h */; settings = {ATTRIBUTES = (Public, ); }; };
		C04D272C15B411820080C77F /* SKEntityList.m in Sources */ = {isa = PBXBuildFile; fileRef = C04D26F515B411810080C77F /* SKEntityList.m */; };
		C04D272D15B411820080C77F /* SKEntityList.m in Sources */ = {isa = PBXBuildFile; fileRef = C04D26F515B411810080C77F /* SKEntityList.m */; };
		C04D272E15B411820080C77F /* SKImageLoader.h in Headers */ = {isa = PBXBuildFile; fileRef = C04D26F615B411810080C77F /* SKImageLoader.h */; settings = {ATTRIBUTES = (Public, ); }; };
		C04D273015B411820080C77F /* SKImageLoader.m in Sources */ = {isa = PBXBuildFile; fileRef = C04D26F815B411810080C77F /* SKImageLoader.m */; };
		C04D273115B411820080C77F /* SKImageLoader.m in Sources */ = {isa = PBXBuildFile; fileRef = C04D26F815B411810080C77F /* SKImageLoader.m */; };
		C04D273315B411820080C77F /* SKObjectManager.m in Sources */ = {isa = PBXBuildFile; fileRef = C04D26FA15B411810080C77F /* SKObjectManager.m */; };
		C04D273415B411820080C77F /* SKObjectManager.m in Sources */ = {isa = PBXBuildFile; fileRef = C04D26FA15B411810080C77F /* SKObjectManager.m */; };
		C04D273515B411820080C77F /* SKObjectMapper.h in Headers */ = {isa = PBXBuildFile; fileRef = C04D26FB15B411810080C77F /* SKObjectMapper.h */; settings = {ATTRIBUTES = (Public, ); }; };
		C04D273615B411820080C77F /* SKObjectMapper.m in Sources */ = {isa = PBXBuildFile; fileRef = C04D26FC15B411810080C77F /* SKObjectMapper.m */; };
		C04D273715B411820080C77F /* SKObjectMapper.m in Sources */ = {isa = PBXBuildFile; fileRef = C04D26FC15B411810080C77F /* SKObjectMapper.m */; };
		C04D273815B411820080C77F /* SKObjectMappingProvider.h in Headers */ = {isa = PBXBuildFile; fileRef = C04D26FD15B411810080C77F /* SKObjectMappingProvider.h */; settings = {ATTRIBUTES = (Public, ); }; };
		C04D273915B411820080C77F /* SKObjectMappingProvider.m in Sources */ = {isa = PBXBuildFile; fileRef = C04D26FE15B411810080C77F /* SKObjectMappingProvider.m */; };
		C04D273A15B411820080C77F /* SKObjectMappingProvider.m in Sources */ = {isa = PBXBuildFile; fileRef = C04D26FE15B411810080C77F /* SKObjectMappingProvider.m */; };
		C04D273B15B411820080C77F /* SKPaginator.h in Headers */ = {isa = PBXBuildFile; fileRef = C04D26FF15B411810080C77F /* SKPaginator.h */; settings = {ATTRIBUTES = (Public, ); }; };
		C04D273C15B411820080C77F /* SKPaginator.m in Sources */ = {isa = PBXBuildFile; fileRef = C04D270015B411810080C77F /* SKPaginator.m */; };
		C04D273D15B411820080C77F /* SKPaginator.m in Sources */ = {isa = PBXBuildFile; fileRef = C04D270015B411810080C77F /* SKPaginator.m */; };
		C04D273E15B411820080C77F /* SKProduct.h in Headers */ = {isa = PBXBuildFile; fileRef = C04D270115B411810080C77F /* SKProduct.h */; settings = {ATTRIBUTES = (Public, ); }; };
		C04D273F15B411820080C77F /* SKProduct.m in Sources */ = {isa = PBXBuildFile; fileRef = C04D270215B411810080C77F /* SKProduct.m */; };
		C04D274015B411820080C77F /* SKProduct.m in Sources */ = {isa = PBXBuildFile; fileRef = C04D270215B411810080C77F /* SKProduct.m */; };
		C04D274115B411820080C77F /* SKProductType.h in Headers */ = {isa = PBXBuildFile; fileRef = C04D270315B411810080C77F /* SKProductType.h */; settings = {ATTRIBUTES = (Public, ); }; };
		C04D274215B411820080C77F /* SKProductType.m in Sources */ = {isa = PBXBuildFile; fileRef = C04D270415B411810080C77F /* SKProductType.m */; };
		C04D274315B411820080C77F /* SKProductType.m in Sources */ = {isa = PBXBuildFile; fileRef = C04D270415B411810080C77F /* SKProductType.m */; };
		C04D274415B411820080C77F /* SKResource.h in Headers */ = {isa = PBXBuildFile; fileRef = C04D270515B411810080C77F /* SKResource.h */; settings = {ATTRIBUTES = (Public, ); }; };
		C04D274515B411820080C77F /* SKResource.m in Sources */ = {isa = PBXBuildFile; fileRef = C04D270615B411810080C77F /* SKResource.m */; };
		C04D274615B411820080C77F /* SKResource.m in Sources */ = {isa = PBXBuildFile; fileRef = C04D270615B411810080C77F /* SKResource.m */; };
		C04D274715B411820080C77F /* SKShop.h in Headers */ = {isa = PBXBuildFile; fileRef = C04D270715B411810080C77F /* SKShop.h */; settings = {ATTRIBUTES = (Public, ); }; };
		C04D274815B411820080C77F /* SKShop.m in Sources */ = {isa = PBXBuildFile; fileRef = C04D270815B411810080C77F /* SKShop.m */; };
		C04D274915B411820080C77F /* SKShop.m in Sources */ = {isa = PBXBuildFile; fileRef = C04D270815B411810080C77F /* SKShop.m */; };
		C04D274A15B411820080C77F /* SKSize.h in Headers */ = {isa = PBXBuildFile; fileRef = C04D270915B411810080C77F /* SKSize.h */; settings = {ATTRIBUTES = (Public, ); }; };
		C04D274B15B411820080C77F /* SKSize.m in Sources */ = {isa = PBXBuildFile; fileRef = C04D270A15B411810080C77F /* SKSize.m */; };
		C04D274C15B411820080C77F /* SKSize.m in Sources */ = {isa = PBXBuildFile; fileRef = C04D270A15B411810080C77F /* SKSize.m */; };
		C04D274D15B411820080C77F /* SKURLConnection.h in Headers */ = {isa = PBXBuildFile; fileRef = C04D270B15B411810080C77F /* SKURLConnection.h */; settings = {ATTRIBUTES = (Public, ); }; };
		C04D274E15B411820080C77F /* SKURLConnection.m in Sources */ = {isa = PBXBuildFile; fileRef = C04D270C15B411810080C77F /* SKURLConnection.m */; };
		C04D274F15B411820080C77F /* SKURLConnection.m in Sources */ = {isa = PBXBuildFile; fileRef = C04D270C15B411810080C77F /* SKURLConnection.m */; };
		C04D275015B411820080C77F /* SKUser.h in Headers */ = {isa = PBXBuildFile; fileRef = C04D270D15B411810080C77F /* SKUser.h */; settings = {ATTRIBUTES = (Public, ); }; };
		C04D275115B411820080C77F /* SKUser.m in Sources */ = {isa = PBXBuildFile; fileRef = C04D270E15B411810080C77F /* SKUser.m */; };
		C04D275215B411820080C77F /* SKUser.m in Sources */ = {isa = PBXBuildFile; fileRef = C04D270E15B411810080C77F /* SKUser.m */; };
		C04D275315B411820080C77F /* SpreadKit.h in Headers */ = {isa = PBXBuildFile; fileRef = C04D270F15B411810080C77F /* SpreadKit.h */; settings = {ATTRIBUTES = (Public, ); }; };
		C079639215C2837400360DC6 /* SKSVG.h in Headers */ = {isa = PBXBuildFile; fileRef = C079639015C2837400360DC6 /* SKSVG.h */; settings = {ATTRIBUTES = (Public, ); }; };
		C079639315C2837400360DC6 /* SKSVG.m in Sources */ = {isa = PBXBuildFile; fileRef = C079639115C2837400360DC6 /* SKSVG.m */; };
		C079639415C2837400360DC6 /* SKSVG.m in Sources */ = {isa = PBXBuildFile; fileRef = C079639115C2837400360DC6 /* SKSVG.m */; };
		C079639715C2838900360DC6 /* SKSVGImage.h in Headers */ = {isa = PBXBuildFile; fileRef = C079639515C2838900360DC6 /* SKSVGImage.h */; settings = {ATTRIBUTES = (Public, ); }; };
		C079639815C2838900360DC6 /* SKSVGImage.m in Sources */ = {isa = PBXBuildFile; fileRef = C079639615C2838900360DC6 /* SKSVGImage.m */; };
		C079639915C2838900360DC6 /* SKSVGImage.m in Sources */ = {isa = PBXBuildFile; fileRef = C079639615C2838900360DC6 /* SKSVGImage.m */; };
		C079639C15C2839500360DC6 /* SKSVGText.h in Headers */ = {isa = PBXBuildFile; fileRef = C079639A15C2839500360DC6 /* SKSVGText.h */; settings = {ATTRIBUTES = (Public, ); }; };
		C079639D15C2839500360DC6 /* SKSVGText.m in Sources */ = {isa = PBXBuildFile; fileRef = C079639B15C2839500360DC6 /* SKSVGText.m */; };
		C079639E15C2839500360DC6 /* SKSVGText.m in Sources */ = {isa = PBXBuildFile; fileRef = C079639B15C2839500360DC6 /* SKSVGText.m */; };
		C07963A015C2ABF600360DC6 /* SKObjectManager.h in Headers */ = {isa = PBXBuildFile; fileRef = C079639F15C2ABF600360DC6 /* SKObjectManager.h */; settings = {ATTRIBUTES = (Public, ); }; };
		C096A28C1500E0B000C70D86 /* Foundation.framework in Frameworks */ = {isa = PBXBuildFile; fileRef = C09EF81614C9953C000BB775 /* Foundation.framework */; };
		C0A00EA515F0ACC30068685D /* close.png in Resources */ = {isa = PBXBuildFile; fileRef = C0A00EA315F0ACC30068685D /* close.png */; };
		C0A00EA615F0ACC30068685D /* close@2x.png in Resources */ = {isa = PBXBuildFile; fileRef = C0A00EA415F0ACC30068685D /* close@2x.png */; };
		C0A00EC315F0AFF60068685D /* UIImage+SpreadKit.h in Headers */ = {isa = PBXBuildFile; fileRef = C0A00EC115F0AFF60068685D /* UIImage+SpreadKit.h */; };
		C0A00EC415F0AFF60068685D /* UIImage+SpreadKit.m in Sources */ = {isa = PBXBuildFile; fileRef = C0A00EC215F0AFF60068685D /* UIImage+SpreadKit.m */; };
		C0A00EC515F0AFF60068685D /* UIImage+SpreadKit.m in Sources */ = {isa = PBXBuildFile; fileRef = C0A00EC215F0AFF60068685D /* UIImage+SpreadKit.m */; };
		C0A041FF1581E76300953AF4 /* SKBasketItemMappingTests.m in Sources */ = {isa = PBXBuildFile; fileRef = C0A041FE1581E76300953AF4 /* SKBasketItemMappingTests.m */; };
		C0A04201158219AB00953AF4 /* basket.json in Resources */ = {isa = PBXBuildFile; fileRef = C0A04200158219AB00953AF4 /* basket.json */; };
		C0A0420415821AEB00953AF4 /* SKBasketMappingTests.m in Sources */ = {isa = PBXBuildFile; fileRef = C0A0420315821AEB00953AF4 /* SKBasketMappingTests.m */; };
		C0A2E7411578AD18004A3847 /* SKProductTypeMappingTests.m in Sources */ = {isa = PBXBuildFile; fileRef = C0A2E7401578AD18004A3847 /* SKProductTypeMappingTests.m */; };
		C0A2E7431578AE0E004A3847 /* productType.json in Resources */ = {isa = PBXBuildFile; fileRef = C0A2E7421578AE0E004A3847 /* productType.json */; };
		C0ADF748153819B600CC9AE4 /* SKObjectMapperTests.m in Sources */ = {isa = PBXBuildFile; fileRef = C0ADF747153819B600CC9AE4 /* SKObjectMapperTests.m */; };
		C0ADF74A15381B0E00CC9AE4 /* user.json in Resources */ = {isa = PBXBuildFile; fileRef = C0ADF74915381B0E00CC9AE4 /* user.json */; };
		C0B2FA7E156FBB53008A103B /* SKArticleMappingTests.m in Sources */ = {isa = PBXBuildFile; fileRef = C0B2FA7D156FBB53008A103B /* SKArticleMappingTests.m */; };
		C0B2FA80156FBD63008A103B /* article.json in Resources */ = {isa = PBXBuildFile; fileRef = C0B2FA7F156FBD63008A103B /* article.json */; };
		C0C41BC6155BA976009F70FF /* SKAuthenticationProviderTests.m in Sources */ = {isa = PBXBuildFile; fileRef = C0C41BC5155BA976009F70FF /* SKAuthenticationProviderTests.m */; };
		C0C7116215AD9DC900302CC4 /* SKEntityListTests.m in Sources */ = {isa = PBXBuildFile; fileRef = C0C7116115AD9DC900302CC4 /* SKEntityListTests.m */; };
		C0E7C8F315060438005A185A /* SKObjectManagerTests.m in Sources */ = {isa = PBXBuildFile; fileRef = C0E7C8F015060438005A185A /* SKObjectManagerTests.m */; };
		C0F68B3C15B4146B00FFA3BC /* SKModel.h in Headers */ = {isa = PBXBuildFile; fileRef = C0F68B3B15B4146B00FFA3BC /* SKModel.h */; settings = {ATTRIBUTES = (Public, ); }; };
		C0F68B8E15B41A2500FFA3BC /* SKProductConfiguration.h in Headers */ = {isa = PBXBuildFile; fileRef = C0F68B8C15B41A2500FFA3BC /* SKProductConfiguration.h */; settings = {ATTRIBUTES = (Public, ); }; };
		C0F68B8F15B41A2500FFA3BC /* SKProductConfiguration.m in Sources */ = {isa = PBXBuildFile; fileRef = C0F68B8D15B41A2500FFA3BC /* SKProductConfiguration.m */; };
		C0F68B9015B41A2500FFA3BC /* SKProductConfiguration.m in Sources */ = {isa = PBXBuildFile; fileRef = C0F68B8D15B41A2500FFA3BC /* SKProductConfiguration.m */; };
		C0F68B9315B4287700FFA3BC /* SKPrintArea.h in Headers */ = {isa = PBXBuildFile; fileRef = C0F68B9115B4287700FFA3BC /* SKPrintArea.h */; settings = {ATTRIBUTES = (Public, ); }; };
		C0F68B9415B4287700FFA3BC /* SKPrintArea.m in Sources */ = {isa = PBXBuildFile; fileRef = C0F68B9215B4287700FFA3BC /* SKPrintArea.m */; };
		C0F68B9515B4287700FFA3BC /* SKPrintArea.m in Sources */ = {isa = PBXBuildFile; fileRef = C0F68B9215B4287700FFA3BC /* SKPrintArea.m */; };
		C0F68B9815B42A1A00FFA3BC /* SKPrintType.h in Headers */ = {isa = PBXBuildFile; fileRef = C0F68B9615B42A1A00FFA3BC /* SKPrintType.h */; settings = {ATTRIBUTES = (Public, ); }; };
		C0F68B9915B42A1A00FFA3BC /* SKPrintType.m in Sources */ = {isa = PBXBuildFile; fileRef = C0F68B9715B42A1A00FFA3BC /* SKPrintType.m */; };
		C0F68B9A15B42A1A00FFA3BC /* SKPrintType.m in Sources */ = {isa = PBXBuildFile; fileRef = C0F68B9715B42A1A00FFA3BC /* SKPrintType.m */; };
		C0F68B9D15B42C8900FFA3BC /* SKOffset.h in Headers */ = {isa = PBXBuildFile; fileRef = C0F68B9B15B42C8800FFA3BC /* SKOffset.h */; settings = {ATTRIBUTES = (Public, ); }; };
		C0F68B9E15B42C8900FFA3BC /* SKOffset.m in Sources */ = {isa = PBXBuildFile; fileRef = C0F68B9C15B42C8800FFA3BC /* SKOffset.m */; };
		C0F68B9F15B42C8900FFA3BC /* SKOffset.m in Sources */ = {isa = PBXBuildFile; fileRef = C0F68B9C15B42C8800FFA3BC /* SKOffset.m */; };
		C0F68BA215B434A500FFA3BC /* SKColor.h in Headers */ = {isa = PBXBuildFile; fileRef = C0F68BA015B434A400FFA3BC /* SKColor.h */; settings = {ATTRIBUTES = (Public, ); }; };
		C0F68BA315B434A500FFA3BC /* SKColor.m in Sources */ = {isa = PBXBuildFile; fileRef = C0F68BA115B434A400FFA3BC /* SKColor.m */; };
		C0F68BA415B434A500FFA3BC /* SKColor.m in Sources */ = {isa = PBXBuildFile; fileRef = C0F68BA115B434A400FFA3BC /* SKColor.m */; };
		C0F68BA715B438E500FFA3BC /* SKView.h in Headers */ = {isa = PBXBuildFile; fileRef = C0F68BA515B438E300FFA3BC /* SKView.h */; settings = {ATTRIBUTES = (Public, ); }; };
		C0F68BA815B438E500FFA3BC /* SKView.m in Sources */ = {isa = PBXBuildFile; fileRef = C0F68BA615B438E400FFA3BC /* SKView.m */; };
		C0F68BA915B438E500FFA3BC /* SKView.m in Sources */ = {isa = PBXBuildFile; fileRef = C0F68BA615B438E400FFA3BC /* SKView.m */; };
		C0F68BC615B43F1900FFA3BC /* SKCountry.h in Headers */ = {isa = PBXBuildFile; fileRef = C0F68BC415B43F1900FFA3BC /* SKCountry.h */; settings = {ATTRIBUTES = (Public, ); }; };
		C0F68BC715B43F1900FFA3BC /* SKCountry.m in Sources */ = {isa = PBXBuildFile; fileRef = C0F68BC515B43F1900FFA3BC /* SKCountry.m */; };
		C0F68BC815B43F1900FFA3BC /* SKCountry.m in Sources */ = {isa = PBXBuildFile; fileRef = C0F68BC515B43F1900FFA3BC /* SKCountry.m */; };
		C0F68BCB15B43FEE00FFA3BC /* SKCurrency.h in Headers */ = {isa = PBXBuildFile; fileRef = C0F68BC915B43FED00FFA3BC /* SKCurrency.h */; settings = {ATTRIBUTES = (Public, ); }; };
		C0F68BCC15B43FEE00FFA3BC /* SKCurrency.m in Sources */ = {isa = PBXBuildFile; fileRef = C0F68BCA15B43FED00FFA3BC /* SKCurrency.m */; };
		C0F68BCD15B43FEE00FFA3BC /* SKCurrency.m in Sources */ = {isa = PBXBuildFile; fileRef = C0F68BCA15B43FED00FFA3BC /* SKCurrency.m */; };
		C0F68BD015B441A100FFA3BC /* SKLanguage.h in Headers */ = {isa = PBXBuildFile; fileRef = C0F68BCE15B441A000FFA3BC /* SKLanguage.h */; settings = {ATTRIBUTES = (Public, ); }; };
		C0F68BD115B441A100FFA3BC /* SKLanguage.m in Sources */ = {isa = PBXBuildFile; fileRef = C0F68BCF15B441A000FFA3BC /* SKLanguage.m */; };
		C0F68BD215B441A100FFA3BC /* SKLanguage.m in Sources */ = {isa = PBXBuildFile; fileRef = C0F68BCF15B441A000FFA3BC /* SKLanguage.m */; };
		C0F68BD515B44D0300FFA3BC /* SKPrice.h in Headers */ = {isa = PBXBuildFile; fileRef = C0F68BD315B44D0200FFA3BC /* SKPrice.h */; settings = {ATTRIBUTES = (Public, ); }; };
		C0F68BD615B44D0300FFA3BC /* SKPrice.m in Sources */ = {isa = PBXBuildFile; fileRef = C0F68BD415B44D0200FFA3BC /* SKPrice.m */; };
		C0F68BD715B44D0300FFA3BC /* SKPrice.m in Sources */ = {isa = PBXBuildFile; fileRef = C0F68BD415B44D0200FFA3BC /* SKPrice.m */; };
		C0FE50D715A1C5550015BC6F /* SKBasketManagerTests.m in Sources */ = {isa = PBXBuildFile; fileRef = C0FE50D615A1C5550015BC6F /* SKBasketManagerTests.m */; };
/* End PBXBuildFile section */

/* Begin PBXContainerItemProxy section */
		C02536CC15E7B520000FA70E /* PBXContainerItemProxy */ = {
			isa = PBXContainerItemProxy;
			containerPortal = C02536C515E7B520000FA70E /* GMGridView.xcodeproj */;
			proxyType = 2;
			remoteGlobalIDString = 78509312149FAC2E000787E4;
			remoteInfo = GMGridView;
		};
		C02536CF15E7B57B000FA70E /* PBXContainerItemProxy */ = {
			isa = PBXContainerItemProxy;
			containerPortal = C02536C515E7B520000FA70E /* GMGridView.xcodeproj */;
			proxyType = 1;
			remoteGlobalIDString = 78509311149FAC2E000787E4;
			remoteInfo = GMGridView;
		};
		C02536D115E7B587000FA70E /* PBXContainerItemProxy */ = {
			isa = PBXContainerItemProxy;
			containerPortal = C02536C515E7B520000FA70E /* GMGridView.xcodeproj */;
			proxyType = 1;
			remoteGlobalIDString = 78509311149FAC2E000787E4;
			remoteInfo = GMGridView;
		};
		C026F90515AEC1BE00FFEB69 /* PBXContainerItemProxy */ = {
			isa = PBXContainerItemProxy;
			containerPortal = C026F8FA15AEC1BD00FFEB69 /* RestKit.xcodeproj */;
			proxyType = 2;
			remoteGlobalIDString = 25160D1614564E810060A5C5;
			remoteInfo = RestKit;
		};
		C026F90715AEC1BE00FFEB69 /* PBXContainerItemProxy */ = {
			isa = PBXContainerItemProxy;
			containerPortal = C026F8FA15AEC1BD00FFEB69 /* RestKit.xcodeproj */;
			proxyType = 2;
			remoteGlobalIDString = 25160D2614564E820060A5C5;
			remoteInfo = RestKitTests;
		};
		C026F90915AEC1BE00FFEB69 /* PBXContainerItemProxy */ = {
			isa = PBXContainerItemProxy;
			containerPortal = C026F8FA15AEC1BD00FFEB69 /* RestKit.xcodeproj */;
			proxyType = 2;
			remoteGlobalIDString = 25160E62145651060060A5C5;
			remoteInfo = RestKitFramework;
		};
		C026F90B15AEC1BE00FFEB69 /* PBXContainerItemProxy */ = {
			isa = PBXContainerItemProxy;
			containerPortal = C026F8FA15AEC1BD00FFEB69 /* RestKit.xcodeproj */;
			proxyType = 2;
			remoteGlobalIDString = 25160E78145651060060A5C5;
			remoteInfo = RestKitFrameworkTests;
		};
		C026F90D15AEC1BE00FFEB69 /* PBXContainerItemProxy */ = {
			isa = PBXContainerItemProxy;
			containerPortal = C026F8FA15AEC1BD00FFEB69 /* RestKit.xcodeproj */;
			proxyType = 2;
			remoteGlobalIDString = 259C301615128079003066A2;
			remoteInfo = RestKitResources;
		};
		C026F91D15AEC30400FFEB69 /* PBXContainerItemProxy */ = {
			isa = PBXContainerItemProxy;
			containerPortal = C026F8FA15AEC1BD00FFEB69 /* RestKit.xcodeproj */;
			proxyType = 1;
			remoteGlobalIDString = 25160D1514564E810060A5C5;
			remoteInfo = RestKit;
		};
		C026F91F15AEC30A00FFEB69 /* PBXContainerItemProxy */ = {
			isa = PBXContainerItemProxy;
			containerPortal = C026F8FA15AEC1BD00FFEB69 /* RestKit.xcodeproj */;
			proxyType = 1;
			remoteGlobalIDString = 25160D1514564E810060A5C5;
			remoteInfo = RestKit;
		};
		C0A00EAB15F0AD320068685D /* PBXContainerItemProxy */ = {
			isa = PBXContainerItemProxy;
			containerPortal = C09EF80A14C9953C000BB775 /* Project object */;
			proxyType = 1;
			remoteGlobalIDString = C0A00E9015F0AC770068685D;
			remoteInfo = SpreadKitResources;
		};
/* End PBXContainerItemProxy section */

/* Begin PBXCopyFilesBuildPhase section */
		C0B8938E15F0A2B00003706F /* CopyFiles */ = {
			isa = PBXCopyFilesBuildPhase;
			buildActionMask = 12;
			dstPath = "";
			dstSubfolderSpec = 16;
			files = (
			);
			runOnlyForDeploymentPostprocessing = 0;
		};
/* End PBXCopyFilesBuildPhase section */

/* Begin PBXFileReference section */
		4752C03E15B94ECE008CE664 /* SKProductCreator.h */ = {isa = PBXFileReference; fileEncoding = 4; lastKnownFileType = sourcecode.c.h; path = SKProductCreator.h; sourceTree = "<group>"; };
		4752C03F15B94ECE008CE664 /* SKProductCreator.m */ = {isa = PBXFileReference; fileEncoding = 4; lastKnownFileType = sourcecode.c.objc; path = SKProductCreator.m; sourceTree = "<group>"; };
		4752C04415B95717008CE664 /* SKProductView.h */ = {isa = PBXFileReference; fileEncoding = 4; lastKnownFileType = sourcecode.c.h; path = SKProductView.h; sourceTree = "<group>"; };
		4752C04515B95717008CE664 /* SKProductView.m */ = {isa = PBXFileReference; fileEncoding = 4; lastKnownFileType = sourcecode.c.objc; path = SKProductView.m; sourceTree = "<group>"; };
		4752C04915B95A21008CE664 /* SKProductConfigurationView.h */ = {isa = PBXFileReference; fileEncoding = 4; lastKnownFileType = sourcecode.c.h; path = SKProductConfigurationView.h; sourceTree = "<group>"; };
		4752C04A15B95A21008CE664 /* SKProductConfigurationView.m */ = {isa = PBXFileReference; fileEncoding = 4; lastKnownFileType = sourcecode.c.objc; path = SKProductConfigurationView.m; sourceTree = "<group>"; };
		C01D335815C6C32200C77A0B /* SKProductCreatorTests.m */ = {isa = PBXFileReference; fileEncoding = 4; lastKnownFileType = sourcecode.c.objc; path = SKProductCreatorTests.m; sourceTree = "<group>"; };
		C025362815E7744D000FA70E /* UIImage+Orientation.h */ = {isa = PBXFileReference; fileEncoding = 4; lastKnownFileType = sourcecode.c.h; path = "UIImage+Orientation.h"; sourceTree = "<group>"; };
		C025362915E7744D000FA70E /* UIImage+Orientation.m */ = {isa = PBXFileReference; fileEncoding = 4; lastKnownFileType = sourcecode.c.objc; path = "UIImage+Orientation.m"; sourceTree = "<group>"; };
		C02536A815E7AC8E000FA70E /* SKAppearanceChooserView.h */ = {isa = PBXFileReference; fileEncoding = 4; lastKnownFileType = sourcecode.c.h; path = SKAppearanceChooserView.h; sourceTree = "<group>"; };
		C02536A915E7AC8E000FA70E /* SKAppearanceChooserView.m */ = {isa = PBXFileReference; fileEncoding = 4; lastKnownFileType = sourcecode.c.objc; path = SKAppearanceChooserView.m; sourceTree = "<group>"; };
		C02536C515E7B520000FA70E /* GMGridView.xcodeproj */ = {isa = PBXFileReference; lastKnownFileType = "wrapper.pb-project"; name = GMGridView.xcodeproj; path = ExternalLibraries/GMGridView/GMGridView.xcodeproj; sourceTree = "<group>"; };
		C026F8FA15AEC1BD00FFEB69 /* RestKit.xcodeproj */ = {isa = PBXFileReference; lastKnownFileType = "wrapper.pb-project"; name = RestKit.xcodeproj; path = ExternalLibraries/RestKit/RestKit.xcodeproj; sourceTree = "<group>"; };
		C026F92815AEC57B00FFEB69 /* QuartzCore.framework */ = {isa = PBXFileReference; lastKnownFileType = wrapper.framework; name = QuartzCore.framework; path = System/Library/Frameworks/QuartzCore.framework; sourceTree = SDKROOT; };
		C026FA1F15AEF99500FFEB69 /* SKDesignMappingTests.m */ = {isa = PBXFileReference; fileEncoding = 4; lastKnownFileType = sourcecode.c.objc; path = SKDesignMappingTests.m; sourceTree = "<group>"; };
		C026FA2115AEFCD100FFEB69 /* design.json */ = {isa = PBXFileReference; fileEncoding = 4; lastKnownFileType = text.json; path = design.json; sourceTree = "<group>"; };
		C026FA2515AF0BD600FFEB69 /* testImage.jpg */ = {isa = PBXFileReference; lastKnownFileType = image.jpeg; name = testImage.jpg; path = "Test Data/testImage.jpg"; sourceTree = "<group>"; };
		C02F11C915B005D400AF8276 /* DesignUploadIntegrationTests.m */ = {isa = PBXFileReference; fileEncoding = 4; lastKnownFileType = sourcecode.c.objc; path = DesignUploadIntegrationTests.m; sourceTree = "<group>"; };
		C033AD9E15B567DA0071D341 /* Constants.h */ = {isa = PBXFileReference; fileEncoding = 4; lastKnownFileType = sourcecode.c.h; path = Constants.h; sourceTree = "<group>"; };
		C033AD9F15B567DA0071D341 /* Constants.m */ = {isa = PBXFileReference; fileEncoding = 4; lastKnownFileType = sourcecode.c.objc; path = Constants.m; sourceTree = "<group>"; };
		C033ADE615B58A220071D341 /* SKViewSize.h */ = {isa = PBXFileReference; fileEncoding = 4; lastKnownFileType = sourcecode.c.h; path = SKViewSize.h; sourceTree = "<group>"; };
		C033ADE715B58A220071D341 /* SKViewSize.m */ = {isa = PBXFileReference; fileEncoding = 4; lastKnownFileType = sourcecode.c.objc; path = SKViewSize.m; sourceTree = "<group>"; };
		C033ADF015B58CDE0071D341 /* SKViewMap.h */ = {isa = PBXFileReference; fileEncoding = 4; lastKnownFileType = sourcecode.c.h; path = SKViewMap.h; sourceTree = "<group>"; };
		C033ADF115B58CDE0071D341 /* SKViewMap.m */ = {isa = PBXFileReference; fileEncoding = 4; lastKnownFileType = sourcecode.c.objc; path = SKViewMap.m; sourceTree = "<group>"; };
		C035E4E315063FE800A52242 /* products2.json */ = {isa = PBXFileReference; fileEncoding = 4; lastKnownFileType = text.json; path = products2.json; sourceTree = "<group>"; };
		C0369C1315C2BF53008548AE /* SKProductMappingTests.m */ = {isa = PBXFileReference; fileEncoding = 4; lastKnownFileType = sourcecode.c.objc; path = SKProductMappingTests.m; sourceTree = "<group>"; };
		C03806E6150103780004BFC4 /* SpreadKitTests.app */ = {isa = PBXFileReference; explicitFileType = wrapper.application; includeInIndex = 0; path = SpreadKitTests.app; sourceTree = BUILT_PRODUCTS_DIR; };
		C03806ED150103780004BFC4 /* SpreadKitTests-Info.plist */ = {isa = PBXFileReference; lastKnownFileType = text.plist.xml; path = "SpreadKitTests-Info.plist"; sourceTree = "<group>"; };
		C03806EF150103780004BFC4 /* en */ = {isa = PBXFileReference; lastKnownFileType = text.plist.strings; name = en; path = en.lproj/InfoPlist.strings; sourceTree = "<group>"; };
		C03806F1150103780004BFC4 /* main.m */ = {isa = PBXFileReference; lastKnownFileType = sourcecode.c.objc; path = main.m; sourceTree = "<group>"; };
		C03806FA150103A20004BFC4 /* GHUnitIOS.framework */ = {isa = PBXFileReference; lastKnownFileType = wrapper.framework; name = GHUnitIOS.framework; path = ExternalLibraries/GHUnitIOS.framework; sourceTree = "<group>"; };
		C03F304B14DC20AC003E2527 /* libOCMock.a */ = {isa = PBXFileReference; lastKnownFileType = archive.ar; name = libOCMock.a; path = ExternalLibraries/libOCMock.a; sourceTree = "<group>"; };
		C03F304E14DC20BA003E2527 /* NSNotificationCenter+OCMAdditions.h */ = {isa = PBXFileReference; fileEncoding = 4; lastKnownFileType = sourcecode.c.h; path = "NSNotificationCenter+OCMAdditions.h"; sourceTree = "<group>"; };
		C03F304F14DC20BA003E2527 /* OCMArg.h */ = {isa = PBXFileReference; fileEncoding = 4; lastKnownFileType = sourcecode.c.h; path = OCMArg.h; sourceTree = "<group>"; };
		C03F305014DC20BA003E2527 /* OCMConstraint.h */ = {isa = PBXFileReference; fileEncoding = 4; lastKnownFileType = sourcecode.c.h; path = OCMConstraint.h; sourceTree = "<group>"; };
		C03F305114DC20BA003E2527 /* OCMock.h */ = {isa = PBXFileReference; fileEncoding = 4; lastKnownFileType = sourcecode.c.h; path = OCMock.h; sourceTree = "<group>"; };
		C03F305214DC20BA003E2527 /* OCMockObject.h */ = {isa = PBXFileReference; fileEncoding = 4; lastKnownFileType = sourcecode.c.h; path = OCMockObject.h; sourceTree = "<group>"; };
		C03F305314DC20BA003E2527 /* OCMockRecorder.h */ = {isa = PBXFileReference; fileEncoding = 4; lastKnownFileType = sourcecode.c.h; path = OCMockRecorder.h; sourceTree = "<group>"; };
		C04D26E215B411810080C77F /* NSURL+PathParameters.h */ = {isa = PBXFileReference; fileEncoding = 4; lastKnownFileType = sourcecode.c.h; path = "NSURL+PathParameters.h"; sourceTree = "<group>"; };
		C04D26E315B411810080C77F /* NSURL+PathParameters.m */ = {isa = PBXFileReference; fileEncoding = 4; lastKnownFileType = sourcecode.c.objc; path = "NSURL+PathParameters.m"; sourceTree = "<group>"; };
		C04D26E415B411810080C77F /* SKAppearance.h */ = {isa = PBXFileReference; fileEncoding = 4; lastKnownFileType = sourcecode.c.h; path = SKAppearance.h; sourceTree = "<group>"; };
		C04D26E515B411810080C77F /* SKAppearance.m */ = {isa = PBXFileReference; fileEncoding = 4; lastKnownFileType = sourcecode.c.objc; path = SKAppearance.m; sourceTree = "<group>"; };
		C04D26E615B411810080C77F /* SKArticle.h */ = {isa = PBXFileReference; fileEncoding = 4; lastKnownFileType = sourcecode.c.h; path = SKArticle.h; sourceTree = "<group>"; };
		C04D26E715B411810080C77F /* SKArticle.m */ = {isa = PBXFileReference; fileEncoding = 4; lastKnownFileType = sourcecode.c.objc; path = SKArticle.m; sourceTree = "<group>"; };
		C04D26E815B411810080C77F /* SKAuthenticationProvider.h */ = {isa = PBXFileReference; fileEncoding = 4; lastKnownFileType = sourcecode.c.h; path = SKAuthenticationProvider.h; sourceTree = "<group>"; };
		C04D26E915B411810080C77F /* SKAuthenticationProvider.m */ = {isa = PBXFileReference; fileEncoding = 4; lastKnownFileType = sourcecode.c.objc; path = SKAuthenticationProvider.m; sourceTree = "<group>"; };
		C04D26EA15B411810080C77F /* SKBasket.h */ = {isa = PBXFileReference; fileEncoding = 4; lastKnownFileType = sourcecode.c.h; path = SKBasket.h; sourceTree = "<group>"; };
		C04D26EB15B411810080C77F /* SKBasket.m */ = {isa = PBXFileReference; fileEncoding = 4; lastKnownFileType = sourcecode.c.objc; path = SKBasket.m; sourceTree = "<group>"; };
		C04D26EC15B411810080C77F /* SKBasketItem.h */ = {isa = PBXFileReference; fileEncoding = 4; lastKnownFileType = sourcecode.c.h; path = SKBasketItem.h; sourceTree = "<group>"; };
		C04D26ED15B411810080C77F /* SKBasketItem.m */ = {isa = PBXFileReference; fileEncoding = 4; lastKnownFileType = sourcecode.c.objc; path = SKBasketItem.m; sourceTree = "<group>"; };
		C04D26EE15B411810080C77F /* SKBasketManager.h */ = {isa = PBXFileReference; fileEncoding = 4; lastKnownFileType = sourcecode.c.h; path = SKBasketManager.h; sourceTree = "<group>"; };
		C04D26EF15B411810080C77F /* SKBasketManager.m */ = {isa = PBXFileReference; fileEncoding = 4; lastKnownFileType = sourcecode.c.objc; path = SKBasketManager.m; sourceTree = "<group>"; };
		C04D26F015B411810080C77F /* SKClient.h */ = {isa = PBXFileReference; fileEncoding = 4; lastKnownFileType = sourcecode.c.h; path = SKClient.h; sourceTree = "<group>"; };
		C04D26F115B411810080C77F /* SKClient.m */ = {isa = PBXFileReference; fileEncoding = 4; lastKnownFileType = sourcecode.c.objc; path = SKClient.m; sourceTree = "<group>"; };
		C04D26F215B411810080C77F /* SKDesign.h */ = {isa = PBXFileReference; fileEncoding = 4; lastKnownFileType = sourcecode.c.h; path = SKDesign.h; sourceTree = "<group>"; };
		C04D26F315B411810080C77F /* SKDesign.m */ = {isa = PBXFileReference; fileEncoding = 4; lastKnownFileType = sourcecode.c.objc; path = SKDesign.m; sourceTree = "<group>"; };
		C04D26F415B411810080C77F /* SKEntityList.h */ = {isa = PBXFileReference; fileEncoding = 4; lastKnownFileType = sourcecode.c.h; path = SKEntityList.h; sourceTree = "<group>"; };
		C04D26F515B411810080C77F /* SKEntityList.m */ = {isa = PBXFileReference; fileEncoding = 4; lastKnownFileType = sourcecode.c.objc; path = SKEntityList.m; sourceTree = "<group>"; };
		C04D26F615B411810080C77F /* SKImageLoader.h */ = {isa = PBXFileReference; fileEncoding = 4; lastKnownFileType = sourcecode.c.h; path = SKImageLoader.h; sourceTree = "<group>"; };
		C04D26F815B411810080C77F /* SKImageLoader.m */ = {isa = PBXFileReference; fileEncoding = 4; lastKnownFileType = sourcecode.c.objc; path = SKImageLoader.m; sourceTree = "<group>"; };
		C04D26FA15B411810080C77F /* SKObjectManager.m */ = {isa = PBXFileReference; fileEncoding = 4; lastKnownFileType = sourcecode.c.objc; path = SKObjectManager.m; sourceTree = "<group>"; };
		C04D26FB15B411810080C77F /* SKObjectMapper.h */ = {isa = PBXFileReference; fileEncoding = 4; lastKnownFileType = sourcecode.c.h; path = SKObjectMapper.h; sourceTree = "<group>"; };
		C04D26FC15B411810080C77F /* SKObjectMapper.m */ = {isa = PBXFileReference; fileEncoding = 4; lastKnownFileType = sourcecode.c.objc; path = SKObjectMapper.m; sourceTree = "<group>"; };
		C04D26FD15B411810080C77F /* SKObjectMappingProvider.h */ = {isa = PBXFileReference; fileEncoding = 4; lastKnownFileType = sourcecode.c.h; path = SKObjectMappingProvider.h; sourceTree = "<group>"; };
		C04D26FE15B411810080C77F /* SKObjectMappingProvider.m */ = {isa = PBXFileReference; fileEncoding = 4; lastKnownFileType = sourcecode.c.objc; path = SKObjectMappingProvider.m; sourceTree = "<group>"; };
		C04D26FF15B411810080C77F /* SKPaginator.h */ = {isa = PBXFileReference; fileEncoding = 4; lastKnownFileType = sourcecode.c.h; path = SKPaginator.h; sourceTree = "<group>"; };
		C04D270015B411810080C77F /* SKPaginator.m */ = {isa = PBXFileReference; fileEncoding = 4; lastKnownFileType = sourcecode.c.objc; path = SKPaginator.m; sourceTree = "<group>"; };
		C04D270115B411810080C77F /* SKProduct.h */ = {isa = PBXFileReference; fileEncoding = 4; lastKnownFileType = sourcecode.c.h; path = SKProduct.h; sourceTree = "<group>"; };
		C04D270215B411810080C77F /* SKProduct.m */ = {isa = PBXFileReference; fileEncoding = 4; lastKnownFileType = sourcecode.c.objc; path = SKProduct.m; sourceTree = "<group>"; };
		C04D270315B411810080C77F /* SKProductType.h */ = {isa = PBXFileReference; fileEncoding = 4; lastKnownFileType = sourcecode.c.h; path = SKProductType.h; sourceTree = "<group>"; };
		C04D270415B411810080C77F /* SKProductType.m */ = {isa = PBXFileReference; fileEncoding = 4; lastKnownFileType = sourcecode.c.objc; path = SKProductType.m; sourceTree = "<group>"; };
		C04D270515B411810080C77F /* SKResource.h */ = {isa = PBXFileReference; fileEncoding = 4; lastKnownFileType = sourcecode.c.h; path = SKResource.h; sourceTree = "<group>"; };
		C04D270615B411810080C77F /* SKResource.m */ = {isa = PBXFileReference; fileEncoding = 4; lastKnownFileType = sourcecode.c.objc; path = SKResource.m; sourceTree = "<group>"; };
		C04D270715B411810080C77F /* SKShop.h */ = {isa = PBXFileReference; fileEncoding = 4; lastKnownFileType = sourcecode.c.h; path = SKShop.h; sourceTree = "<group>"; };
		C04D270815B411810080C77F /* SKShop.m */ = {isa = PBXFileReference; fileEncoding = 4; lastKnownFileType = sourcecode.c.objc; path = SKShop.m; sourceTree = "<group>"; };
		C04D270915B411810080C77F /* SKSize.h */ = {isa = PBXFileReference; fileEncoding = 4; lastKnownFileType = sourcecode.c.h; path = SKSize.h; sourceTree = "<group>"; };
		C04D270A15B411810080C77F /* SKSize.m */ = {isa = PBXFileReference; fileEncoding = 4; lastKnownFileType = sourcecode.c.objc; path = SKSize.m; sourceTree = "<group>"; };
		C04D270B15B411810080C77F /* SKURLConnection.h */ = {isa = PBXFileReference; fileEncoding = 4; lastKnownFileType = sourcecode.c.h; path = SKURLConnection.h; sourceTree = "<group>"; };
		C04D270C15B411810080C77F /* SKURLConnection.m */ = {isa = PBXFileReference; fileEncoding = 4; lastKnownFileType = sourcecode.c.objc; path = SKURLConnection.m; sourceTree = "<group>"; };
		C04D270D15B411810080C77F /* SKUser.h */ = {isa = PBXFileReference; fileEncoding = 4; lastKnownFileType = sourcecode.c.h; path = SKUser.h; sourceTree = "<group>"; };
		C04D270E15B411810080C77F /* SKUser.m */ = {isa = PBXFileReference; fileEncoding = 4; lastKnownFileType = sourcecode.c.objc; path = SKUser.m; sourceTree = "<group>"; };
		C04D270F15B411810080C77F /* SpreadKit.h */ = {isa = PBXFileReference; fileEncoding = 4; lastKnownFileType = sourcecode.c.h; path = SpreadKit.h; sourceTree = "<group>"; };
		C079639015C2837400360DC6 /* SKSVG.h */ = {isa = PBXFileReference; fileEncoding = 4; lastKnownFileType = sourcecode.c.h; path = SKSVG.h; sourceTree = "<group>"; };
		C079639115C2837400360DC6 /* SKSVG.m */ = {isa = PBXFileReference; fileEncoding = 4; lastKnownFileType = sourcecode.c.objc; path = SKSVG.m; sourceTree = "<group>"; };
		C079639515C2838900360DC6 /* SKSVGImage.h */ = {isa = PBXFileReference; fileEncoding = 4; lastKnownFileType = sourcecode.c.h; path = SKSVGImage.h; sourceTree = "<group>"; };
		C079639615C2838900360DC6 /* SKSVGImage.m */ = {isa = PBXFileReference; fileEncoding = 4; lastKnownFileType = sourcecode.c.objc; path = SKSVGImage.m; sourceTree = "<group>"; };
		C079639A15C2839500360DC6 /* SKSVGText.h */ = {isa = PBXFileReference; fileEncoding = 4; lastKnownFileType = sourcecode.c.h; path = SKSVGText.h; sourceTree = "<group>"; };
		C079639B15C2839500360DC6 /* SKSVGText.m */ = {isa = PBXFileReference; fileEncoding = 4; lastKnownFileType = sourcecode.c.objc; path = SKSVGText.m; sourceTree = "<group>"; };
		C079639F15C2ABF600360DC6 /* SKObjectManager.h */ = {isa = PBXFileReference; fileEncoding = 4; lastKnownFileType = sourcecode.c.h; path = SKObjectManager.h; sourceTree = "<group>"; };
		C096A28B1500E0B000C70D86 /* libSpreadKit.a */ = {isa = PBXFileReference; explicitFileType = archive.ar; includeInIndex = 0; path = libSpreadKit.a; sourceTree = BUILT_PRODUCTS_DIR; };
		C09EF81614C9953C000BB775 /* Foundation.framework */ = {isa = PBXFileReference; lastKnownFileType = wrapper.framework; name = Foundation.framework; path = System/Library/Frameworks/Foundation.framework; sourceTree = SDKROOT; };
		C09EF84014C99F83000BB775 /* UIKit.framework */ = {isa = PBXFileReference; lastKnownFileType = wrapper.framework; name = UIKit.framework; path = System/Library/Frameworks/UIKit.framework; sourceTree = SDKROOT; };
		C09EF84314C99F83000BB775 /* CoreGraphics.framework */ = {isa = PBXFileReference; lastKnownFileType = wrapper.framework; name = CoreGraphics.framework; path = System/Library/Frameworks/CoreGraphics.framework; sourceTree = SDKROOT; };
		C0A00E9115F0AC770068685D /* SpreadKitResources.bundle */ = {isa = PBXFileReference; explicitFileType = wrapper.cfbundle; includeInIndex = 0; path = SpreadKitResources.bundle; sourceTree = BUILT_PRODUCTS_DIR; };
		C0A00E9215F0AC770068685D /* CoreFoundation.framework */ = {isa = PBXFileReference; lastKnownFileType = wrapper.framework; name = CoreFoundation.framework; path = System/Library/Frameworks/CoreFoundation.framework; sourceTree = SDKROOT; };
		C0A00E9615F0AC770068685D /* SpreadKitResources-Info.plist */ = {isa = PBXFileReference; lastKnownFileType = text.plist.xml; path = "SpreadKitResources-Info.plist"; sourceTree = "<group>"; };
		C0A00E9815F0AC770068685D /* en */ = {isa = PBXFileReference; lastKnownFileType = text.plist.strings; name = en; path = en.lproj/InfoPlist.strings; sourceTree = "<group>"; };
		C0A00E9A15F0AC770068685D /* SpreadKitResources-Prefix.pch */ = {isa = PBXFileReference; lastKnownFileType = sourcecode.c.h; path = "SpreadKitResources-Prefix.pch"; sourceTree = "<group>"; };
		C0A00EA315F0ACC30068685D /* close.png */ = {isa = PBXFileReference; lastKnownFileType = image.png; path = close.png; sourceTree = "<group>"; };
		C0A00EA415F0ACC30068685D /* close@2x.png */ = {isa = PBXFileReference; lastKnownFileType = image.png; path = "close@2x.png"; sourceTree = "<group>"; };
		C0A00EC115F0AFF60068685D /* UIImage+SpreadKit.h */ = {isa = PBXFileReference; fileEncoding = 4; lastKnownFileType = sourcecode.c.h; path = "UIImage+SpreadKit.h"; sourceTree = "<group>"; };
		C0A00EC215F0AFF60068685D /* UIImage+SpreadKit.m */ = {isa = PBXFileReference; fileEncoding = 4; lastKnownFileType = sourcecode.c.objc; path = "UIImage+SpreadKit.m"; sourceTree = "<group>"; };
		C0A041FE1581E76300953AF4 /* SKBasketItemMappingTests.m */ = {isa = PBXFileReference; fileEncoding = 4; lastKnownFileType = sourcecode.c.objc; path = SKBasketItemMappingTests.m; sourceTree = "<group>"; };
		C0A04200158219AB00953AF4 /* basket.json */ = {isa = PBXFileReference; fileEncoding = 4; lastKnownFileType = text.json; path = basket.json; sourceTree = "<group>"; };
		C0A0420315821AEB00953AF4 /* SKBasketMappingTests.m */ = {isa = PBXFileReference; fileEncoding = 4; lastKnownFileType = sourcecode.c.objc; path = SKBasketMappingTests.m; sourceTree = "<group>"; };
		C0A2E7401578AD18004A3847 /* SKProductTypeMappingTests.m */ = {isa = PBXFileReference; fileEncoding = 4; lastKnownFileType = sourcecode.c.objc; path = SKProductTypeMappingTests.m; sourceTree = "<group>"; };
		C0A2E7421578AE0E004A3847 /* productType.json */ = {isa = PBXFileReference; fileEncoding = 4; lastKnownFileType = text.json; path = productType.json; sourceTree = "<group>"; };
		C0ADF747153819B600CC9AE4 /* SKObjectMapperTests.m */ = {isa = PBXFileReference; fileEncoding = 4; lastKnownFileType = sourcecode.c.objc; path = SKObjectMapperTests.m; sourceTree = "<group>"; };
		C0ADF74915381B0E00CC9AE4 /* user.json */ = {isa = PBXFileReference; fileEncoding = 4; lastKnownFileType = text.json; path = user.json; sourceTree = "<group>"; };
		C0B2FA7D156FBB53008A103B /* SKArticleMappingTests.m */ = {isa = PBXFileReference; fileEncoding = 4; lastKnownFileType = sourcecode.c.objc; path = SKArticleMappingTests.m; sourceTree = "<group>"; };
		C0B2FA7F156FBD63008A103B /* article.json */ = {isa = PBXFileReference; fileEncoding = 4; lastKnownFileType = text.json; path = article.json; sourceTree = "<group>"; };
		C0C41BC5155BA976009F70FF /* SKAuthenticationProviderTests.m */ = {isa = PBXFileReference; fileEncoding = 4; lastKnownFileType = sourcecode.c.objc; path = SKAuthenticationProviderTests.m; sourceTree = "<group>"; };
		C0C4D0DD14C9B76D00109A96 /* CFNetwork.framework */ = {isa = PBXFileReference; lastKnownFileType = wrapper.framework; name = CFNetwork.framework; path = System/Library/Frameworks/CFNetwork.framework; sourceTree = SDKROOT; };
		C0C4D0DF14C9B77500109A96 /* CoreData.framework */ = {isa = PBXFileReference; lastKnownFileType = wrapper.framework; name = CoreData.framework; path = System/Library/Frameworks/CoreData.framework; sourceTree = SDKROOT; };
		C0C4D0E114C9B77D00109A96 /* MobileCoreServices.framework */ = {isa = PBXFileReference; lastKnownFileType = wrapper.framework; name = MobileCoreServices.framework; path = System/Library/Frameworks/MobileCoreServices.framework; sourceTree = SDKROOT; };
		C0C4D0E314C9B78600109A96 /* Security.framework */ = {isa = PBXFileReference; lastKnownFileType = wrapper.framework; name = Security.framework; path = System/Library/Frameworks/Security.framework; sourceTree = SDKROOT; };
		C0C4D0E514C9B78D00109A96 /* SystemConfiguration.framework */ = {isa = PBXFileReference; lastKnownFileType = wrapper.framework; name = SystemConfiguration.framework; path = System/Library/Frameworks/SystemConfiguration.framework; sourceTree = SDKROOT; };
		C0C4D0E714C9B79500109A96 /* libxml2.dylib */ = {isa = PBXFileReference; lastKnownFileType = "compiled.mach-o.dylib"; name = libxml2.dylib; path = usr/lib/libxml2.dylib; sourceTree = SDKROOT; };
		C0C6921314EE57440068C18D /* product.json */ = {isa = PBXFileReference; fileEncoding = 4; lastKnownFileType = text.json; path = product.json; sourceTree = "<group>"; };
		C0C6921414EE57440068C18D /* products.json */ = {isa = PBXFileReference; fileEncoding = 4; lastKnownFileType = text.json; path = products.json; sourceTree = "<group>"; };
		C0C6921614EE57440068C18D /* SKClientTests.m */ = {isa = PBXFileReference; fileEncoding = 4; lastKnownFileType = sourcecode.c.objc; name = SKClientTests.m; path = ../Tests/SKClientTests.m; sourceTree = "<group>"; };
		C0C6921714EE57440068C18D /* SKImageLoaderTests.m */ = {isa = PBXFileReference; fileEncoding = 4; lastKnownFileType = sourcecode.c.objc; name = SKImageLoaderTests.m; path = ../Tests/SKImageLoaderTests.m; sourceTree = "<group>"; };
		C0C6921814EE57440068C18D /* SKObjectMappingProviderTests.m */ = {isa = PBXFileReference; fileEncoding = 4; lastKnownFileType = sourcecode.c.objc; name = SKObjectMappingProviderTests.m; path = ../Tests/SKObjectMappingProviderTests.m; sourceTree = "<group>"; };
		C0C7116115AD9DC900302CC4 /* SKEntityListTests.m */ = {isa = PBXFileReference; fileEncoding = 4; lastKnownFileType = sourcecode.c.objc; path = SKEntityListTests.m; sourceTree = "<group>"; };
		C0E7C8F015060438005A185A /* SKObjectManagerTests.m */ = {isa = PBXFileReference; fileEncoding = 4; lastKnownFileType = sourcecode.c.objc; path = SKObjectManagerTests.m; sourceTree = "<group>"; };
		C0F68B3B15B4146B00FFA3BC /* SKModel.h */ = {isa = PBXFileReference; fileEncoding = 4; lastKnownFileType = sourcecode.c.h; path = SKModel.h; sourceTree = "<group>"; };
		C0F68B8C15B41A2500FFA3BC /* SKProductConfiguration.h */ = {isa = PBXFileReference; fileEncoding = 4; lastKnownFileType = sourcecode.c.h; path = SKProductConfiguration.h; sourceTree = "<group>"; };
		C0F68B8D15B41A2500FFA3BC /* SKProductConfiguration.m */ = {isa = PBXFileReference; fileEncoding = 4; lastKnownFileType = sourcecode.c.objc; path = SKProductConfiguration.m; sourceTree = "<group>"; };
		C0F68B9115B4287700FFA3BC /* SKPrintArea.h */ = {isa = PBXFileReference; fileEncoding = 4; lastKnownFileType = sourcecode.c.h; path = SKPrintArea.h; sourceTree = "<group>"; };
		C0F68B9215B4287700FFA3BC /* SKPrintArea.m */ = {isa = PBXFileReference; fileEncoding = 4; lastKnownFileType = sourcecode.c.objc; path = SKPrintArea.m; sourceTree = "<group>"; };
		C0F68B9615B42A1A00FFA3BC /* SKPrintType.h */ = {isa = PBXFileReference; fileEncoding = 4; lastKnownFileType = sourcecode.c.h; path = SKPrintType.h; sourceTree = "<group>"; };
		C0F68B9715B42A1A00FFA3BC /* SKPrintType.m */ = {isa = PBXFileReference; fileEncoding = 4; lastKnownFileType = sourcecode.c.objc; path = SKPrintType.m; sourceTree = "<group>"; };
		C0F68B9B15B42C8800FFA3BC /* SKOffset.h */ = {isa = PBXFileReference; fileEncoding = 4; lastKnownFileType = sourcecode.c.h; path = SKOffset.h; sourceTree = "<group>"; };
		C0F68B9C15B42C8800FFA3BC /* SKOffset.m */ = {isa = PBXFileReference; fileEncoding = 4; lastKnownFileType = sourcecode.c.objc; path = SKOffset.m; sourceTree = "<group>"; };
		C0F68BA015B434A400FFA3BC /* SKColor.h */ = {isa = PBXFileReference; fileEncoding = 4; lastKnownFileType = sourcecode.c.h; path = SKColor.h; sourceTree = "<group>"; };
		C0F68BA115B434A400FFA3BC /* SKColor.m */ = {isa = PBXFileReference; fileEncoding = 4; lastKnownFileType = sourcecode.c.objc; path = SKColor.m; sourceTree = "<group>"; };
		C0F68BA515B438E300FFA3BC /* SKView.h */ = {isa = PBXFileReference; fileEncoding = 4; lastKnownFileType = sourcecode.c.h; path = SKView.h; sourceTree = "<group>"; };
		C0F68BA615B438E400FFA3BC /* SKView.m */ = {isa = PBXFileReference; fileEncoding = 4; lastKnownFileType = sourcecode.c.objc; path = SKView.m; sourceTree = "<group>"; };
		C0F68BC415B43F1900FFA3BC /* SKCountry.h */ = {isa = PBXFileReference; fileEncoding = 4; lastKnownFileType = sourcecode.c.h; path = SKCountry.h; sourceTree = "<group>"; };
		C0F68BC515B43F1900FFA3BC /* SKCountry.m */ = {isa = PBXFileReference; fileEncoding = 4; lastKnownFileType = sourcecode.c.objc; path = SKCountry.m; sourceTree = "<group>"; };
		C0F68BC915B43FED00FFA3BC /* SKCurrency.h */ = {isa = PBXFileReference; fileEncoding = 4; lastKnownFileType = sourcecode.c.h; path = SKCurrency.h; sourceTree = "<group>"; };
		C0F68BCA15B43FED00FFA3BC /* SKCurrency.m */ = {isa = PBXFileReference; fileEncoding = 4; lastKnownFileType = sourcecode.c.objc; path = SKCurrency.m; sourceTree = "<group>"; };
		C0F68BCE15B441A000FFA3BC /* SKLanguage.h */ = {isa = PBXFileReference; fileEncoding = 4; lastKnownFileType = sourcecode.c.h; path = SKLanguage.h; sourceTree = "<group>"; };
		C0F68BCF15B441A000FFA3BC /* SKLanguage.m */ = {isa = PBXFileReference; fileEncoding = 4; lastKnownFileType = sourcecode.c.objc; path = SKLanguage.m; sourceTree = "<group>"; };
		C0F68BD315B44D0200FFA3BC /* SKPrice.h */ = {isa = PBXFileReference; fileEncoding = 4; lastKnownFileType = sourcecode.c.h; path = SKPrice.h; sourceTree = "<group>"; };
		C0F68BD415B44D0200FFA3BC /* SKPrice.m */ = {isa = PBXFileReference; fileEncoding = 4; lastKnownFileType = sourcecode.c.objc; path = SKPrice.m; sourceTree = "<group>"; };
		C0FE50D615A1C5550015BC6F /* SKBasketManagerTests.m */ = {isa = PBXFileReference; fileEncoding = 4; lastKnownFileType = sourcecode.c.objc; path = SKBasketManagerTests.m; sourceTree = "<group>"; };
/* End PBXFileReference section */

/* Begin PBXFrameworksBuildPhase section */
		C03806E3150103780004BFC4 /* Frameworks */ = {
			isa = PBXFrameworksBuildPhase;
			buildActionMask = 2147483647;
			files = (
				C02536D315E7B58C000FA70E /* libGMGridView.a in Frameworks */,
				C026F92915AEC57B00FFEB69 /* QuartzCore.framework in Frameworks */,
				C026F92715AEC56C00FFEB69 /* libRestKit.a in Frameworks */,
				C0136D72150108D40044BB55 /* MobileCoreServices.framework in Frameworks */,
				C0136D71150108CF0044BB55 /* Security.framework in Frameworks */,
				C0136D70150108C90044BB55 /* libxml2.dylib in Frameworks */,
				C0136D6F150108C20044BB55 /* SystemConfiguration.framework in Frameworks */,
				C0136D6E150108B80044BB55 /* CFNetwork.framework in Frameworks */,
				C0136D6D150108B20044BB55 /* CoreData.framework in Frameworks */,
				C03806E8150103780004BFC4 /* UIKit.framework in Frameworks */,
				C03806E9150103780004BFC4 /* Foundation.framework in Frameworks */,
				C03806EA150103780004BFC4 /* CoreGraphics.framework in Frameworks */,
				C0136D6C150108A30044BB55 /* libOCMock.a in Frameworks */,
				C03806FB150103A20004BFC4 /* GHUnitIOS.framework in Frameworks */,
			);
			runOnlyForDeploymentPostprocessing = 0;
		};
		C096A2881500E0B000C70D86 /* Frameworks */ = {
			isa = PBXFrameworksBuildPhase;
			buildActionMask = 2147483647;
			files = (
				C096A28C1500E0B000C70D86 /* Foundation.framework in Frameworks */,
			);
			runOnlyForDeploymentPostprocessing = 0;
		};
		C0A00E8E15F0AC770068685D /* Frameworks */ = {
			isa = PBXFrameworksBuildPhase;
			buildActionMask = 2147483647;
			files = (
			);
			runOnlyForDeploymentPostprocessing = 0;
		};
/* End PBXFrameworksBuildPhase section */

/* Begin PBXGroup section */
		4752C03815B94E01008CE664 /* Process */ = {
			isa = PBXGroup;
			children = (
				C04D26EE15B411810080C77F /* SKBasketManager.h */,
				C04D26EF15B411810080C77F /* SKBasketManager.m */,
				4752C03E15B94ECE008CE664 /* SKProductCreator.h */,
				4752C03F15B94ECE008CE664 /* SKProductCreator.m */,
			);
			name = Process;
			sourceTree = "<group>";
		};
		C02536C615E7B520000FA70E /* Products */ = {
			isa = PBXGroup;
			children = (
				C02536CD15E7B520000FA70E /* libGMGridView.a */,
			);
			name = Products;
			sourceTree = "<group>";
		};
		C026F8FB15AEC1BD00FFEB69 /* Products */ = {
			isa = PBXGroup;
			children = (
				C026F90615AEC1BE00FFEB69 /* libRestKit.a */,
				C026F90815AEC1BE00FFEB69 /* RestKitTests.octest */,
				C026F90A15AEC1BE00FFEB69 /* RestKit.framework */,
				C026F90C15AEC1BE00FFEB69 /* RestKitFrameworkTests.octest */,
				C026F90E15AEC1BE00FFEB69 /* RestKitResources.bundle */,
			);
			name = Products;
			sourceTree = "<group>";
		};
		C033ADFA15B595F50071D341 /* View */ = {
			isa = PBXGroup;
			children = (
				4752C04415B95717008CE664 /* SKProductView.h */,
				4752C04515B95717008CE664 /* SKProductView.m */,
				4752C04915B95A21008CE664 /* SKProductConfigurationView.h */,
				4752C04A15B95A21008CE664 /* SKProductConfigurationView.m */,
				C02536A815E7AC8E000FA70E /* SKAppearanceChooserView.h */,
				C02536A915E7AC8E000FA70E /* SKAppearanceChooserView.m */,
			);
			name = View;
			sourceTree = "<group>";
		};
		C03806EB150103780004BFC4 /* Tests */ = {
			isa = PBXGroup;
			children = (
				C02F11C915B005D400AF8276 /* DesignUploadIntegrationTests.m */,
				C0B2FA7B156FBAC1008A103B /* MappingTests */,
				C0C41BC5155BA976009F70FF /* SKAuthenticationProviderTests.m */,
				C0FE50D615A1C5550015BC6F /* SKBasketManagerTests.m */,
				C0C6921614EE57440068C18D /* SKClientTests.m */,
				C0C7116115AD9DC900302CC4 /* SKEntityListTests.m */,
				C0C6921714EE57440068C18D /* SKImageLoaderTests.m */,
				C0E7C8F015060438005A185A /* SKObjectManagerTests.m */,
				C0ADF747153819B600CC9AE4 /* SKObjectMapperTests.m */,
				C0C6921814EE57440068C18D /* SKObjectMappingProviderTests.m */,
				C03806EC150103780004BFC4 /* Supporting Files */,
				C026FA2515AF0BD600FFEB69 /* testImage.jpg */,
				C01D335815C6C32200C77A0B /* SKProductCreatorTests.m */,
			);
			path = Tests;
			sourceTree = "<group>";
		};
		C03806EC150103780004BFC4 /* Supporting Files */ = {
			isa = PBXGroup;
			children = (
				C03806ED150103780004BFC4 /* SpreadKitTests-Info.plist */,
				C03806EE150103780004BFC4 /* InfoPlist.strings */,
				C03806F1150103780004BFC4 /* main.m */,
			);
			path = "Supporting Files";
			sourceTree = "<group>";
		};
		C03F304D14DC20BA003E2527 /* OCMock */ = {
			isa = PBXGroup;
			children = (
				C03F304E14DC20BA003E2527 /* NSNotificationCenter+OCMAdditions.h */,
				C03F304F14DC20BA003E2527 /* OCMArg.h */,
				C03F305014DC20BA003E2527 /* OCMConstraint.h */,
				C03F305114DC20BA003E2527 /* OCMock.h */,
				C03F305214DC20BA003E2527 /* OCMockObject.h */,
				C03F305314DC20BA003E2527 /* OCMockRecorder.h */,
			);
			name = OCMock;
			path = ExternalLibraries/OCMock;
			sourceTree = "<group>";
		};
		C04D26E115B411430080C77F /* SpreadKit */ = {
			isa = PBXGroup;
			children = (
				C04D275615B412BB0080C77F /* Client */,
				C04D275415B4122A0080C77F /* Model */,
				4752C03815B94E01008CE664 /* Process */,
				C04D270F15B411810080C77F /* SpreadKit.h */,
				C04D275515B412960080C77F /* Support */,
				C033ADFA15B595F50071D341 /* View */,
			);
			path = SpreadKit;
			sourceTree = SOURCE_ROOT;
		};
		C04D275415B4122A0080C77F /* Model */ = {
			isa = PBXGroup;
			children = (
				C04D26E415B411810080C77F /* SKAppearance.h */,
				C04D26E515B411810080C77F /* SKAppearance.m */,
				C04D26E615B411810080C77F /* SKArticle.h */,
				C04D26E715B411810080C77F /* SKArticle.m */,
				C04D26EA15B411810080C77F /* SKBasket.h */,
				C04D26EB15B411810080C77F /* SKBasket.m */,
				C04D26EC15B411810080C77F /* SKBasketItem.h */,
				C04D26ED15B411810080C77F /* SKBasketItem.m */,
				C0F68BA015B434A400FFA3BC /* SKColor.h */,
				C0F68BA115B434A400FFA3BC /* SKColor.m */,
				C0F68BC415B43F1900FFA3BC /* SKCountry.h */,
				C0F68BC515B43F1900FFA3BC /* SKCountry.m */,
				C0F68BC915B43FED00FFA3BC /* SKCurrency.h */,
				C0F68BCA15B43FED00FFA3BC /* SKCurrency.m */,
				C04D26F215B411810080C77F /* SKDesign.h */,
				C04D26F315B411810080C77F /* SKDesign.m */,
				C04D26F415B411810080C77F /* SKEntityList.h */,
				C04D26F515B411810080C77F /* SKEntityList.m */,
				C0F68BCE15B441A000FFA3BC /* SKLanguage.h */,
				C0F68BCF15B441A000FFA3BC /* SKLanguage.m */,
				C0F68B3B15B4146B00FFA3BC /* SKModel.h */,
				C0F68B9B15B42C8800FFA3BC /* SKOffset.h */,
				C0F68B9C15B42C8800FFA3BC /* SKOffset.m */,
				C0F68BD315B44D0200FFA3BC /* SKPrice.h */,
				C0F68BD415B44D0200FFA3BC /* SKPrice.m */,
				C0F68B9115B4287700FFA3BC /* SKPrintArea.h */,
				C0F68B9215B4287700FFA3BC /* SKPrintArea.m */,
				C0F68B9615B42A1A00FFA3BC /* SKPrintType.h */,
				C0F68B9715B42A1A00FFA3BC /* SKPrintType.m */,
				C04D270115B411810080C77F /* SKProduct.h */,
				C04D270215B411810080C77F /* SKProduct.m */,
				C0F68B8C15B41A2500FFA3BC /* SKProductConfiguration.h */,
				C0F68B8D15B41A2500FFA3BC /* SKProductConfiguration.m */,
				C04D270315B411810080C77F /* SKProductType.h */,
				C04D270415B411810080C77F /* SKProductType.m */,
				C04D270515B411810080C77F /* SKResource.h */,
				C04D270615B411810080C77F /* SKResource.m */,
				C04D270715B411810080C77F /* SKShop.h */,
				C04D270815B411810080C77F /* SKShop.m */,
				C04D270915B411810080C77F /* SKSize.h */,
				C04D270A15B411810080C77F /* SKSize.m */,
				C04D270D15B411810080C77F /* SKUser.h */,
				C04D270E15B411810080C77F /* SKUser.m */,
				C0F68BA515B438E300FFA3BC /* SKView.h */,
				C0F68BA615B438E400FFA3BC /* SKView.m */,
				C033ADF015B58CDE0071D341 /* SKViewMap.h */,
				C033ADF115B58CDE0071D341 /* SKViewMap.m */,
				C033ADE615B58A220071D341 /* SKViewSize.h */,
				C033ADE715B58A220071D341 /* SKViewSize.m */,
				C079639015C2837400360DC6 /* SKSVG.h */,
				C079639115C2837400360DC6 /* SKSVG.m */,
				C079639515C2838900360DC6 /* SKSVGImage.h */,
				C079639615C2838900360DC6 /* SKSVGImage.m */,
				C079639A15C2839500360DC6 /* SKSVGText.h */,
				C079639B15C2839500360DC6 /* SKSVGText.m */,
			);
			name = Model;
			sourceTree = "<group>";
		};
		C04D275515B412960080C77F /* Support */ = {
			isa = PBXGroup;
			children = (
				C04D26E215B411810080C77F /* NSURL+PathParameters.h */,
				C04D26E315B411810080C77F /* NSURL+PathParameters.m */,
				C033AD9E15B567DA0071D341 /* Constants.h */,
				C033AD9F15B567DA0071D341 /* Constants.m */,
				C025362815E7744D000FA70E /* UIImage+Orientation.h */,
				C025362915E7744D000FA70E /* UIImage+Orientation.m */,
				C0A00EC115F0AFF60068685D /* UIImage+SpreadKit.h */,
				C0A00EC215F0AFF60068685D /* UIImage+SpreadKit.m */,
			);
			name = Support;
			sourceTree = "<group>";
		};
		C04D275615B412BB0080C77F /* Client */ = {
			isa = PBXGroup;
			children = (
				C04D26E815B411810080C77F /* SKAuthenticationProvider.h */,
				C04D26E915B411810080C77F /* SKAuthenticationProvider.m */,
				C04D26F015B411810080C77F /* SKClient.h */,
				C04D26F115B411810080C77F /* SKClient.m */,
				C04D26F615B411810080C77F /* SKImageLoader.h */,
				C04D26F815B411810080C77F /* SKImageLoader.m */,
				C079639F15C2ABF600360DC6 /* SKObjectManager.h */,
				C04D26FA15B411810080C77F /* SKObjectManager.m */,
				C04D26FB15B411810080C77F /* SKObjectMapper.h */,
				C04D26FC15B411810080C77F /* SKObjectMapper.m */,
				C04D26FD15B411810080C77F /* SKObjectMappingProvider.h */,
				C04D26FE15B411810080C77F /* SKObjectMappingProvider.m */,
				C04D26FF15B411810080C77F /* SKPaginator.h */,
				C04D270015B411810080C77F /* SKPaginator.m */,
				C04D270B15B411810080C77F /* SKURLConnection.h */,
				C04D270C15B411810080C77F /* SKURLConnection.m */,
			);
			name = Client;
			sourceTree = "<group>";
		};
		C09EF80814C9953C000BB775 = {
			isa = PBXGroup;
			children = (
				C0A00E9415F0AC770068685D /* SpreadKitResources */,
				C09EF81514C9953C000BB775 /* Frameworks */,
				C09EF81414C9953C000BB775 /* Products */,
				C04D26E115B411430080C77F /* SpreadKit */,
				C03806EB150103780004BFC4 /* Tests */,
			);
			sourceTree = "<group>";
		};
		C09EF81414C9953C000BB775 /* Products */ = {
			isa = PBXGroup;
			children = (
				C096A28B1500E0B000C70D86 /* libSpreadKit.a */,
				C03806E6150103780004BFC4 /* SpreadKitTests.app */,
				C0A00E9115F0AC770068685D /* SpreadKitResources.bundle */,
			);
			name = Products;
			sourceTree = "<group>";
		};
		C09EF81514C9953C000BB775 /* Frameworks */ = {
			isa = PBXGroup;
			children = (
				C0C4D0DD14C9B76D00109A96 /* CFNetwork.framework */,
				C0C4D0DF14C9B77500109A96 /* CoreData.framework */,
				C09EF84314C99F83000BB775 /* CoreGraphics.framework */,
				C09EF81614C9953C000BB775 /* Foundation.framework */,
				C03806FA150103A20004BFC4 /* GHUnitIOS.framework */,
				C02536C515E7B520000FA70E /* GMGridView.xcodeproj */,
				C03F304B14DC20AC003E2527 /* libOCMock.a */,
				C0C4D0E714C9B79500109A96 /* libxml2.dylib */,
				C0C4D0E114C9B77D00109A96 /* MobileCoreServices.framework */,
				C03F304D14DC20BA003E2527 /* OCMock */,
				C026F92815AEC57B00FFEB69 /* QuartzCore.framework */,
				C026F8FA15AEC1BD00FFEB69 /* RestKit.xcodeproj */,
				C0C4D0E314C9B78600109A96 /* Security.framework */,
				C0C4D0E514C9B78D00109A96 /* SystemConfiguration.framework */,
				C09EF84014C99F83000BB775 /* UIKit.framework */,
				C0A00E9215F0AC770068685D /* CoreFoundation.framework */,
			);
			name = Frameworks;
			sourceTree = "<group>";
		};
		C0A00E9415F0AC770068685D /* SpreadKitResources */ = {
			isa = PBXGroup;
			children = (
				C0A00EA315F0ACC30068685D /* close.png */,
				C0A00EA415F0ACC30068685D /* close@2x.png */,
				C0A00E9515F0AC770068685D /* Supporting Files */,
			);
			path = SpreadKitResources;
			sourceTree = "<group>";
		};
		C0A00E9515F0AC770068685D /* Supporting Files */ = {
			isa = PBXGroup;
			children = (
				C0A00E9615F0AC770068685D /* SpreadKitResources-Info.plist */,
				C0A00E9715F0AC770068685D /* InfoPlist.strings */,
				C0A00E9A15F0AC770068685D /* SpreadKitResources-Prefix.pch */,
			);
			name = "Supporting Files";
			sourceTree = "<group>";
		};
		C0B2FA7B156FBAC1008A103B /* MappingTests */ = {
			isa = PBXGroup;
			children = (
				C0C6922514EE576D0068C18D /* Mock Responses */,
				C0B2FA7D156FBB53008A103B /* SKArticleMappingTests.m */,
				C0A041FE1581E76300953AF4 /* SKBasketItemMappingTests.m */,
				C0A0420315821AEB00953AF4 /* SKBasketMappingTests.m */,
				C026FA1F15AEF99500FFEB69 /* SKDesignMappingTests.m */,
				C0369C1315C2BF53008548AE /* SKProductMappingTests.m */,
				C0A2E7401578AD18004A3847 /* SKProductTypeMappingTests.m */,
			);
			name = MappingTests;
			sourceTree = "<group>";
		};
		C0C6922514EE576D0068C18D /* Mock Responses */ = {
			isa = PBXGroup;
			children = (
				C0B2FA7F156FBD63008A103B /* article.json */,
				C0A04200158219AB00953AF4 /* basket.json */,
				C026FA2115AEFCD100FFEB69 /* design.json */,
				C0C6921314EE57440068C18D /* product.json */,
				C0C6921414EE57440068C18D /* products.json */,
				C035E4E315063FE800A52242 /* products2.json */,
				C0A2E7421578AE0E004A3847 /* productType.json */,
				C0ADF74915381B0E00CC9AE4 /* user.json */,
			);
			path = "Mock Responses";
			sourceTree = "<group>";
		};
/* End PBXGroup section */

/* Begin PBXHeadersBuildPhase section */
		C096A2891500E0B000C70D86 /* Headers */ = {
			isa = PBXHeadersBuildPhase;
			buildActionMask = 2147483647;
			files = (
				C0F68BA215B434A500FFA3BC /* SKColor.h in Headers */,
				C04D271015B411810080C77F /* NSURL+PathParameters.h in Headers */,
				C04D271315B411820080C77F /* SKAppearance.h in Headers */,
				C04D271615B411820080C77F /* SKArticle.h in Headers */,
				C04D271915B411820080C77F /* SKAuthenticationProvider.h in Headers */,
				C04D271C15B411820080C77F /* SKBasket.h in Headers */,
				C04D271F15B411820080C77F /* SKBasketItem.h in Headers */,
				C04D272215B411820080C77F /* SKBasketManager.h in Headers */,
				C04D272515B411820080C77F /* SKClient.h in Headers */,
				C04D272815B411820080C77F /* SKDesign.h in Headers */,
				C04D272B15B411820080C77F /* SKEntityList.h in Headers */,
				C04D272E15B411820080C77F /* SKImageLoader.h in Headers */,
				C04D273515B411820080C77F /* SKObjectMapper.h in Headers */,
				C04D273815B411820080C77F /* SKObjectMappingProvider.h in Headers */,
				C04D273B15B411820080C77F /* SKPaginator.h in Headers */,
				C04D273E15B411820080C77F /* SKProduct.h in Headers */,
				C04D274115B411820080C77F /* SKProductType.h in Headers */,
				C04D274415B411820080C77F /* SKResource.h in Headers */,
				C04D274715B411820080C77F /* SKShop.h in Headers */,
				C04D274A15B411820080C77F /* SKSize.h in Headers */,
				C0F68B3C15B4146B00FFA3BC /* SKModel.h in Headers */,
				C0F68B8E15B41A2500FFA3BC /* SKProductConfiguration.h in Headers */,
				C0F68BA715B438E500FFA3BC /* SKView.h in Headers */,
				C0F68BD015B441A100FFA3BC /* SKLanguage.h in Headers */,
				C0F68BD515B44D0300FFA3BC /* SKPrice.h in Headers */,
				C0F68B9315B4287700FFA3BC /* SKPrintArea.h in Headers */,
				C0F68B9815B42A1A00FFA3BC /* SKPrintType.h in Headers */,
				C0F68B9D15B42C8900FFA3BC /* SKOffset.h in Headers */,
				C04D274D15B411820080C77F /* SKURLConnection.h in Headers */,
				C033ADF215B58CDE0071D341 /* SKViewMap.h in Headers */,
				C033ADE815B58A240071D341 /* SKViewSize.h in Headers */,
				C0F68BC615B43F1900FFA3BC /* SKCountry.h in Headers */,
				C033ADA015B567DA0071D341 /* Constants.h in Headers */,
				C02536AA15E7AC8E000FA70E /* SKAppearanceChooserView.h in Headers */,
				C07963A015C2ABF600360DC6 /* SKObjectManager.h in Headers */,
				C0F68BCB15B43FEE00FFA3BC /* SKCurrency.h in Headers */,
				C04D275015B411820080C77F /* SKUser.h in Headers */,
				C079639215C2837400360DC6 /* SKSVG.h in Headers */,
				C025362A15E7744D000FA70E /* UIImage+Orientation.h in Headers */,
				C079639715C2838900360DC6 /* SKSVGImage.h in Headers */,
				C079639C15C2839500360DC6 /* SKSVGText.h in Headers */,
				4752C04615B95717008CE664 /* SKProductView.h in Headers */,
				4752C04B15B95A21008CE664 /* SKProductConfigurationView.h in Headers */,
				4752C04015B94ECE008CE664 /* SKProductCreator.h in Headers */,
				C04D275315B411820080C77F /* SpreadKit.h in Headers */,
				C0A00EC315F0AFF60068685D /* UIImage+SpreadKit.h in Headers */,
			);
			runOnlyForDeploymentPostprocessing = 0;
		};
/* End PBXHeadersBuildPhase section */

/* Begin PBXNativeTarget section */
		C03806E5150103780004BFC4 /* SpreadKitTests */ = {
			isa = PBXNativeTarget;
			buildConfigurationList = C03806F7150103780004BFC4 /* Build configuration list for PBXNativeTarget "SpreadKitTests" */;
			buildPhases = (
				C03806E2150103780004BFC4 /* Sources */,
				C03806E3150103780004BFC4 /* Frameworks */,
				C03806E4150103780004BFC4 /* Resources */,
			);
			buildRules = (
			);
			dependencies = (
				C02536D215E7B587000FA70E /* PBXTargetDependency */,
				C026F92015AEC30A00FFEB69 /* PBXTargetDependency */,
			);
			name = SpreadKitTests;
			productName = SpreadKitTests;
			productReference = C03806E6150103780004BFC4 /* SpreadKitTests.app */;
			productType = "com.apple.product-type.application";
		};
		C096A28A1500E0B000C70D86 /* SpreadKit */ = {
			isa = PBXNativeTarget;
			buildConfigurationList = C096A2961500E0B000C70D86 /* Build configuration list for PBXNativeTarget "SpreadKit" */;
			buildPhases = (
				C096A2871500E0B000C70D86 /* Sources */,
				C096A2881500E0B000C70D86 /* Frameworks */,
				C096A2891500E0B000C70D86 /* Headers */,
				C0B8938E15F0A2B00003706F /* CopyFiles */,
			);
			buildRules = (
			);
			dependencies = (
				C0A00EAC15F0AD320068685D /* PBXTargetDependency */,
				C02536D015E7B57B000FA70E /* PBXTargetDependency */,
				C026F91E15AEC30400FFEB69 /* PBXTargetDependency */,
			);
			name = SpreadKit;
			productName = SpreadKit;
			productReference = C096A28B1500E0B000C70D86 /* libSpreadKit.a */;
			productType = "com.apple.product-type.library.static";
		};
		C0A00E9015F0AC770068685D /* SpreadKitResources */ = {
			isa = PBXNativeTarget;
			buildConfigurationList = C0A00E9F15F0AC770068685D /* Build configuration list for PBXNativeTarget "SpreadKitResources" */;
			buildPhases = (
				C0A00E8D15F0AC770068685D /* Sources */,
				C0A00E8E15F0AC770068685D /* Frameworks */,
				C0A00E8F15F0AC770068685D /* Resources */,
			);
			buildRules = (
			);
			dependencies = (
			);
			name = SpreadKitResources;
			productName = SpreadKitResources;
			productReference = C0A00E9115F0AC770068685D /* SpreadKitResources.bundle */;
			productType = "com.apple.product-type.bundle";
		};
/* End PBXNativeTarget section */

/* Begin PBXProject section */
		C09EF80A14C9953C000BB775 /* Project object */ = {
			isa = PBXProject;
			attributes = {
				LastUpgradeCheck = 0430;
			};
			buildConfigurationList = C09EF80D14C9953C000BB775 /* Build configuration list for PBXProject "SpreadKit" */;
			compatibilityVersion = "Xcode 3.2";
			developmentRegion = English;
			hasScannedForEncodings = 0;
			knownRegions = (
				en,
			);
			mainGroup = C09EF80814C9953C000BB775;
			productRefGroup = C09EF81414C9953C000BB775 /* Products */;
			projectDirPath = "";
			projectReferences = (
				{
					ProductGroup = C02536C615E7B520000FA70E /* Products */;
					ProjectRef = C02536C515E7B520000FA70E /* GMGridView.xcodeproj */;
				},
				{
					ProductGroup = C026F8FB15AEC1BD00FFEB69 /* Products */;
					ProjectRef = C026F8FA15AEC1BD00FFEB69 /* RestKit.xcodeproj */;
				},
			);
			projectRoot = "";
			targets = (
				C096A28A1500E0B000C70D86 /* SpreadKit */,
				C03806E5150103780004BFC4 /* SpreadKitTests */,
				C0A00E9015F0AC770068685D /* SpreadKitResources */,
			);
		};
/* End PBXProject section */

/* Begin PBXReferenceProxy section */
		C02536CD15E7B520000FA70E /* libGMGridView.a */ = {
			isa = PBXReferenceProxy;
			fileType = archive.ar;
			path = libGMGridView.a;
			remoteRef = C02536CC15E7B520000FA70E /* PBXContainerItemProxy */;
			sourceTree = BUILT_PRODUCTS_DIR;
		};
		C026F90615AEC1BE00FFEB69 /* libRestKit.a */ = {
			isa = PBXReferenceProxy;
			fileType = archive.ar;
			path = libRestKit.a;
			remoteRef = C026F90515AEC1BE00FFEB69 /* PBXContainerItemProxy */;
			sourceTree = BUILT_PRODUCTS_DIR;
		};
		C026F90815AEC1BE00FFEB69 /* RestKitTests.octest */ = {
			isa = PBXReferenceProxy;
			fileType = wrapper.cfbundle;
			path = RestKitTests.octest;
			remoteRef = C026F90715AEC1BE00FFEB69 /* PBXContainerItemProxy */;
			sourceTree = BUILT_PRODUCTS_DIR;
		};
		C026F90A15AEC1BE00FFEB69 /* RestKit.framework */ = {
			isa = PBXReferenceProxy;
			fileType = wrapper.framework;
			path = RestKit.framework;
			remoteRef = C026F90915AEC1BE00FFEB69 /* PBXContainerItemProxy */;
			sourceTree = BUILT_PRODUCTS_DIR;
		};
		C026F90C15AEC1BE00FFEB69 /* RestKitFrameworkTests.octest */ = {
			isa = PBXReferenceProxy;
			fileType = wrapper.cfbundle;
			path = RestKitFrameworkTests.octest;
			remoteRef = C026F90B15AEC1BE00FFEB69 /* PBXContainerItemProxy */;
			sourceTree = BUILT_PRODUCTS_DIR;
		};
		C026F90E15AEC1BE00FFEB69 /* RestKitResources.bundle */ = {
			isa = PBXReferenceProxy;
			fileType = wrapper.cfbundle;
			path = RestKitResources.bundle;
			remoteRef = C026F90D15AEC1BE00FFEB69 /* PBXContainerItemProxy */;
			sourceTree = BUILT_PRODUCTS_DIR;
		};
/* End PBXReferenceProxy section */

/* Begin PBXResourcesBuildPhase section */
		C03806E4150103780004BFC4 /* Resources */ = {
			isa = PBXResourcesBuildPhase;
			buildActionMask = 2147483647;
			files = (
				C0380701150104810004BFC4 /* product.json in Resources */,
				C0380702150104810004BFC4 /* products.json in Resources */,
				C03806F0150103780004BFC4 /* InfoPlist.strings in Resources */,
				C035E4E415063FE800A52242 /* products2.json in Resources */,
				C0ADF74A15381B0E00CC9AE4 /* user.json in Resources */,
				C0B2FA80156FBD63008A103B /* article.json in Resources */,
				C0A2E7431578AE0E004A3847 /* productType.json in Resources */,
				C0A04201158219AB00953AF4 /* basket.json in Resources */,
				C026FA2215AEFCD100FFEB69 /* design.json in Resources */,
				C026FA2615AF0BD600FFEB69 /* testImage.jpg in Resources */,
			);
			runOnlyForDeploymentPostprocessing = 0;
		};
		C0A00E8F15F0AC770068685D /* Resources */ = {
			isa = PBXResourcesBuildPhase;
			buildActionMask = 2147483647;
			files = (
				C0A00EA515F0ACC30068685D /* close.png in Resources */,
				C0A00EA615F0ACC30068685D /* close@2x.png in Resources */,
			);
			runOnlyForDeploymentPostprocessing = 0;
		};
/* End PBXResourcesBuildPhase section */

/* Begin PBXSourcesBuildPhase section */
		C03806E2150103780004BFC4 /* Sources */ = {
			isa = PBXSourcesBuildPhase;
			buildActionMask = 2147483647;
			files = (
				C03806FE150104780004BFC4 /* SKClientTests.m in Sources */,
				C03806FF150104780004BFC4 /* SKImageLoaderTests.m in Sources */,
				C0380700150104780004BFC4 /* SKObjectMappingProviderTests.m in Sources */,
				C03806F2150103780004BFC4 /* main.m in Sources */,
				C0E7C8F315060438005A185A /* SKObjectManagerTests.m in Sources */,
				C0ADF748153819B600CC9AE4 /* SKObjectMapperTests.m in Sources */,
				C0C41BC6155BA976009F70FF /* SKAuthenticationProviderTests.m in Sources */,
				C0B2FA7E156FBB53008A103B /* SKArticleMappingTests.m in Sources */,
				C0A2E7411578AD18004A3847 /* SKProductTypeMappingTests.m in Sources */,
				C0A041FF1581E76300953AF4 /* SKBasketItemMappingTests.m in Sources */,
				C0A0420415821AEB00953AF4 /* SKBasketMappingTests.m in Sources */,
				C0FE50D715A1C5550015BC6F /* SKBasketManagerTests.m in Sources */,
				C0C7116215AD9DC900302CC4 /* SKEntityListTests.m in Sources */,
				C026FA2015AEF99500FFEB69 /* SKDesignMappingTests.m in Sources */,
				C02F11D115B008FC00AF8276 /* DesignUploadIntegrationTests.m in Sources */,
				C04D271215B411810080C77F /* NSURL+PathParameters.m in Sources */,
				C04D271515B411820080C77F /* SKAppearance.m in Sources */,
				C04D271815B411820080C77F /* SKArticle.m in Sources */,
				C04D271B15B411820080C77F /* SKAuthenticationProvider.m in Sources */,
				C04D271E15B411820080C77F /* SKBasket.m in Sources */,
				C04D272115B411820080C77F /* SKBasketItem.m in Sources */,
				C04D272415B411820080C77F /* SKBasketManager.m in Sources */,
				C04D272715B411820080C77F /* SKClient.m in Sources */,
				C04D272A15B411820080C77F /* SKDesign.m in Sources */,
				C04D272D15B411820080C77F /* SKEntityList.m in Sources */,
				C04D273115B411820080C77F /* SKImageLoader.m in Sources */,
				C04D273415B411820080C77F /* SKObjectManager.m in Sources */,
				C04D273715B411820080C77F /* SKObjectMapper.m in Sources */,
				C04D273A15B411820080C77F /* SKObjectMappingProvider.m in Sources */,
				C04D273D15B411820080C77F /* SKPaginator.m in Sources */,
				C04D274015B411820080C77F /* SKProduct.m in Sources */,
				C04D274315B411820080C77F /* SKProductType.m in Sources */,
				C04D274615B411820080C77F /* SKResource.m in Sources */,
				C04D274915B411820080C77F /* SKShop.m in Sources */,
				C04D274C15B411820080C77F /* SKSize.m in Sources */,
				C04D274F15B411820080C77F /* SKURLConnection.m in Sources */,
				C04D275215B411820080C77F /* SKUser.m in Sources */,
				C0F68B9015B41A2500FFA3BC /* SKProductConfiguration.m in Sources */,
				C0F68B9515B4287700FFA3BC /* SKPrintArea.m in Sources */,
				C0F68B9A15B42A1A00FFA3BC /* SKPrintType.m in Sources */,
				C0F68B9F15B42C8900FFA3BC /* SKOffset.m in Sources */,
				C0F68BA415B434A500FFA3BC /* SKColor.m in Sources */,
				C0F68BA915B438E500FFA3BC /* SKView.m in Sources */,
				C0F68BC815B43F1900FFA3BC /* SKCountry.m in Sources */,
				C0F68BCD15B43FEE00FFA3BC /* SKCurrency.m in Sources */,
				C0F68BD215B441A100FFA3BC /* SKLanguage.m in Sources */,
				C0F68BD715B44D0300FFA3BC /* SKPrice.m in Sources */,
				C033ADA215B567DA0071D341 /* Constants.m in Sources */,
				C033ADEA15B58A240071D341 /* SKViewSize.m in Sources */,
				C033ADF415B58CDE0071D341 /* SKViewMap.m in Sources */,
				4752C04215B94ECE008CE664 /* SKProductCreator.m in Sources */,
				4752C04815B95717008CE664 /* SKProductView.m in Sources */,
				4752C04D15B95A21008CE664 /* SKProductConfigurationView.m in Sources */,
				C079639415C2837400360DC6 /* SKSVG.m in Sources */,
				C079639915C2838900360DC6 /* SKSVGImage.m in Sources */,
				C079639E15C2839500360DC6 /* SKSVGText.m in Sources */,
				C0369C1415C2BF53008548AE /* SKProductMappingTests.m in Sources */,
				C01D335915C6C32200C77A0B /* SKProductCreatorTests.m in Sources */,
				C025362C15E7744D000FA70E /* UIImage+Orientation.m in Sources */,
				C02536AC15E7AC8E000FA70E /* SKAppearanceChooserView.m in Sources */,
				C0A00EC515F0AFF60068685D /* UIImage+SpreadKit.m in Sources */,
			);
			runOnlyForDeploymentPostprocessing = 0;
		};
		C096A2871500E0B000C70D86 /* Sources */ = {
			isa = PBXSourcesBuildPhase;
			buildActionMask = 2147483647;
			files = (
				C04D271115B411810080C77F /* NSURL+PathParameters.m in Sources */,
				C04D271415B411820080C77F /* SKAppearance.m in Sources */,
				C04D271715B411820080C77F /* SKArticle.m in Sources */,
				C04D271A15B411820080C77F /* SKAuthenticationProvider.m in Sources */,
				C04D271D15B411820080C77F /* SKBasket.m in Sources */,
				C04D272015B411820080C77F /* SKBasketItem.m in Sources */,
				C04D272315B411820080C77F /* SKBasketManager.m in Sources */,
				C04D272615B411820080C77F /* SKClient.m in Sources */,
				C04D272915B411820080C77F /* SKDesign.m in Sources */,
				C04D272C15B411820080C77F /* SKEntityList.m in Sources */,
				C04D273015B411820080C77F /* SKImageLoader.m in Sources */,
				C04D273315B411820080C77F /* SKObjectManager.m in Sources */,
				C04D273615B411820080C77F /* SKObjectMapper.m in Sources */,
				C04D273915B411820080C77F /* SKObjectMappingProvider.m in Sources */,
				C04D273C15B411820080C77F /* SKPaginator.m in Sources */,
				C04D273F15B411820080C77F /* SKProduct.m in Sources */,
				C04D274215B411820080C77F /* SKProductType.m in Sources */,
				C04D274515B411820080C77F /* SKResource.m in Sources */,
				C04D274815B411820080C77F /* SKShop.m in Sources */,
				C04D274B15B411820080C77F /* SKSize.m in Sources */,
				C04D274E15B411820080C77F /* SKURLConnection.m in Sources */,
				C04D275115B411820080C77F /* SKUser.m in Sources */,
				C0F68B8F15B41A2500FFA3BC /* SKProductConfiguration.m in Sources */,
				C0F68B9415B4287700FFA3BC /* SKPrintArea.m in Sources */,
				C0F68B9915B42A1A00FFA3BC /* SKPrintType.m in Sources */,
				C0F68B9E15B42C8900FFA3BC /* SKOffset.m in Sources */,
				C0F68BA315B434A500FFA3BC /* SKColor.m in Sources */,
				C0F68BA815B438E500FFA3BC /* SKView.m in Sources */,
				C0F68BC715B43F1900FFA3BC /* SKCountry.m in Sources */,
				C0F68BCC15B43FEE00FFA3BC /* SKCurrency.m in Sources */,
				C0F68BD115B441A100FFA3BC /* SKLanguage.m in Sources */,
				C0F68BD615B44D0300FFA3BC /* SKPrice.m in Sources */,
				C033ADA115B567DA0071D341 /* Constants.m in Sources */,
				C033ADE915B58A240071D341 /* SKViewSize.m in Sources */,
				C033ADF315B58CDE0071D341 /* SKViewMap.m in Sources */,
				4752C04115B94ECE008CE664 /* SKProductCreator.m in Sources */,
				4752C04715B95717008CE664 /* SKProductView.m in Sources */,
				4752C04C15B95A21008CE664 /* SKProductConfigurationView.m in Sources */,
				C079639315C2837400360DC6 /* SKSVG.m in Sources */,
				C079639815C2838900360DC6 /* SKSVGImage.m in Sources */,
				C079639D15C2839500360DC6 /* SKSVGText.m in Sources */,
				C025362B15E7744D000FA70E /* UIImage+Orientation.m in Sources */,
				C02536AB15E7AC8E000FA70E /* SKAppearanceChooserView.m in Sources */,
				C0A00EC415F0AFF60068685D /* UIImage+SpreadKit.m in Sources */,
			);
			runOnlyForDeploymentPostprocessing = 0;
		};
		C0A00E8D15F0AC770068685D /* Sources */ = {
			isa = PBXSourcesBuildPhase;
			buildActionMask = 2147483647;
			files = (
			);
			runOnlyForDeploymentPostprocessing = 0;
		};
/* End PBXSourcesBuildPhase section */

/* Begin PBXTargetDependency section */
		C02536D015E7B57B000FA70E /* PBXTargetDependency */ = {
			isa = PBXTargetDependency;
			name = GMGridView;
			targetProxy = C02536CF15E7B57B000FA70E /* PBXContainerItemProxy */;
		};
		C02536D215E7B587000FA70E /* PBXTargetDependency */ = {
			isa = PBXTargetDependency;
			name = GMGridView;
			targetProxy = C02536D115E7B587000FA70E /* PBXContainerItemProxy */;
		};
		C026F91E15AEC30400FFEB69 /* PBXTargetDependency */ = {
			isa = PBXTargetDependency;
			name = RestKit;
			targetProxy = C026F91D15AEC30400FFEB69 /* PBXContainerItemProxy */;
		};
		C026F92015AEC30A00FFEB69 /* PBXTargetDependency */ = {
			isa = PBXTargetDependency;
			name = RestKit;
			targetProxy = C026F91F15AEC30A00FFEB69 /* PBXContainerItemProxy */;
		};
		C0A00EAC15F0AD320068685D /* PBXTargetDependency */ = {
			isa = PBXTargetDependency;
			target = C0A00E9015F0AC770068685D /* SpreadKitResources */;
			targetProxy = C0A00EAB15F0AD320068685D /* PBXContainerItemProxy */;
		};
/* End PBXTargetDependency section */

/* Begin PBXVariantGroup section */
		C03806EE150103780004BFC4 /* InfoPlist.strings */ = {
			isa = PBXVariantGroup;
			children = (
				C03806EF150103780004BFC4 /* en */,
			);
			name = InfoPlist.strings;
			path = ..;
			sourceTree = "<group>";
		};
		C0A00E9715F0AC770068685D /* InfoPlist.strings */ = {
			isa = PBXVariantGroup;
			children = (
				C0A00E9815F0AC770068685D /* en */,
			);
			name = InfoPlist.strings;
			sourceTree = "<group>";
		};
/* End PBXVariantGroup section */

/* Begin XCBuildConfiguration section */
		C03806F8150103780004BFC4 /* Debug */ = {
			isa = XCBuildConfiguration;
			buildSettings = {
				"CODE_SIGN_IDENTITY[sdk=iphoneos*]" = "iPhone Developer";
				FRAMEWORK_SEARCH_PATHS = (
					"$(inherited)",
					"\"$(SRCROOT)/ExternalLibraries\"",
				);
				GCC_PRECOMPILE_PREFIX_HEADER = YES;
				HEADER_SEARCH_PATHS = (
					"$(BUILT_PRODUCTS_DIR)",
					"$(SRCROOT)/ExternalLibraries",
				);
				INFOPLIST_FILE = "Tests/Supporting Files/SpreadKitTests-Info.plist";
				LIBRARY_SEARCH_PATHS = "$(SRCROOT)/ExternalLibraries";
				OTHER_LDFLAGS = (
					"-ObjC",
					"-all_load",
				);
				PRODUCT_NAME = "$(TARGET_NAME)";
				USER_HEADER_SEARCH_PATHS = "";
				WRAPPER_EXTENSION = app;
			};
			name = Debug;
		};
		C03806F9150103780004BFC4 /* Release */ = {
			isa = XCBuildConfiguration;
			buildSettings = {
				"CODE_SIGN_IDENTITY[sdk=iphoneos*]" = "iPhone Developer";
				FRAMEWORK_SEARCH_PATHS = (
					"$(inherited)",
					"\"$(SRCROOT)/ExternalLibraries\"",
				);
				GCC_PRECOMPILE_PREFIX_HEADER = YES;
				HEADER_SEARCH_PATHS = (
					"$(BUILT_PRODUCTS_DIR)",
					"$(SRCROOT)/ExternalLibraries",
				);
				INFOPLIST_FILE = "Tests/Supporting Files/SpreadKitTests-Info.plist";
				LIBRARY_SEARCH_PATHS = "$(SRCROOT)/ExternalLibraries";
				OTHER_CFLAGS = "-DNS_BLOCK_ASSERTIONS=1";
				OTHER_LDFLAGS = (
					"-ObjC",
					"-all_load",
				);
				PRODUCT_NAME = "$(TARGET_NAME)";
				USER_HEADER_SEARCH_PATHS = "";
				WRAPPER_EXTENSION = app;
			};
			name = Release;
		};
		C096A2971500E0B000C70D86 /* Debug */ = {
			isa = XCBuildConfiguration;
			buildSettings = {
				DSTROOT = /tmp/SpreadKit.dst;
				GCC_PRECOMPILE_PREFIX_HEADER = YES;
				HEADER_SEARCH_PATHS = "$(BUILT_PRODUCTS_DIR)/**";
				INSTALL_PATH = "$(BUILT_PRODUCTS_DIR)";
				OTHER_LDFLAGS = "-ObjC";
				PRIVATE_HEADERS_FOLDER_PATH = "$(PUBLIC_HEADERS_FOLDER_PATH)/Private";
				PRODUCT_NAME = "$(TARGET_NAME)";
				PUBLIC_HEADERS_FOLDER_PATH = "$(TARGET_NAME)";
				SKIP_INSTALL = YES;
				USER_HEADER_SEARCH_PATHS = "$(BUILT_PRODUCTS_DIR)/**";
			};
			name = Debug;
		};
		C096A2981500E0B000C70D86 /* Release */ = {
			isa = XCBuildConfiguration;
			buildSettings = {
				DSTROOT = /tmp/SpreadKit.dst;
				GCC_PRECOMPILE_PREFIX_HEADER = YES;
				HEADER_SEARCH_PATHS = (
					"$(BUILT_PRODUCTS_DIR)/**",
					"\"$(BUILD_ROOT)/../IntermediateBuildFilesPath/UninstalledProducts\"",
				);
				INSTALL_PATH = "$(BUILT_PRODUCTS_DIR)";
				OTHER_LDFLAGS = "-ObjC";
				PRIVATE_HEADERS_FOLDER_PATH = "$(PUBLIC_HEADERS_FOLDER_PATH)/Private";
				PRODUCT_NAME = "$(TARGET_NAME)";
				PUBLIC_HEADERS_FOLDER_PATH = "$(TARGET_NAME)";
				SKIP_INSTALL = YES;
				USER_HEADER_SEARCH_PATHS = "$(BUILT_PRODUCTS_DIR)/** \"$(BUILD_ROOT)/../IntermediateBuildFilesPath/UninstalledProducts\"";
			};
			name = Release;
		};
		C09EF81E14C9953C000BB775 /* Debug */ = {
			isa = XCBuildConfiguration;
			buildSettings = {
				ALWAYS_SEARCH_USER_PATHS = NO;
				ARCHS = "$(ARCHS_STANDARD_32_BIT)";
				CLANG_ENABLE_OBJC_ARC = YES;
				COPY_PHASE_STRIP = NO;
				GCC_C_LANGUAGE_STANDARD = gnu99;
				GCC_DYNAMIC_NO_PIC = NO;
				GCC_OPTIMIZATION_LEVEL = 0;
				GCC_PREPROCESSOR_DEFINITIONS = (
					"DEBUG=1",
					"$(inherited)",
				);
				GCC_SYMBOLS_PRIVATE_EXTERN = NO;
				GCC_VERSION = com.apple.compilers.llvm.clang.1_0;
				GCC_WARN_ABOUT_MISSING_PROTOTYPES = YES;
				GCC_WARN_ABOUT_RETURN_TYPE = YES;
				GCC_WARN_UNUSED_VARIABLE = YES;
				IPHONEOS_DEPLOYMENT_TARGET = 5.0;
				SDKROOT = iphoneos;
			};
			name = Debug;
		};
		C09EF81F14C9953C000BB775 /* Release */ = {
			isa = XCBuildConfiguration;
			buildSettings = {
				ALWAYS_SEARCH_USER_PATHS = NO;
				ARCHS = "$(ARCHS_STANDARD_32_BIT)";
				CLANG_ENABLE_OBJC_ARC = YES;
				COPY_PHASE_STRIP = YES;
				GCC_C_LANGUAGE_STANDARD = gnu99;
				GCC_VERSION = com.apple.compilers.llvm.clang.1_0;
				GCC_WARN_ABOUT_MISSING_PROTOTYPES = YES;
				GCC_WARN_ABOUT_RETURN_TYPE = YES;
				GCC_WARN_UNUSED_VARIABLE = YES;
				IPHONEOS_DEPLOYMENT_TARGET = 5.0;
				SDKROOT = iphoneos;
				VALIDATE_PRODUCT = YES;
			};
			name = Release;
		};
		C0A00EA015F0AC770068685D /* Debug */ = {
			isa = XCBuildConfiguration;
			buildSettings = {
				ARCHS = "$(ARCHS_STANDARD_32_BIT)";
				CLANG_CXX_LANGUAGE_STANDARD = "gnu++0x";
				CLANG_WARN__DUPLICATE_METHOD_MATCH = YES;
				COMBINE_HIDPI_IMAGES = NO;
				COMPRESS_PNG_FILES = NO;
				GCC_ENABLE_OBJC_EXCEPTIONS = YES;
				GCC_PRECOMPILE_PREFIX_HEADER = YES;
				GCC_PREFIX_HEADER = "SpreadKitResources/SpreadKitResources-Prefix.pch";
				GCC_WARN_64_TO_32_BIT_CONVERSION = YES;
				GCC_WARN_UNINITIALIZED_AUTOS = YES;
				INFOPLIST_FILE = "SpreadKitResources/SpreadKitResources-Info.plist";
				INSTALL_PATH = "$(LOCAL_LIBRARY_DIR)/Bundles";
				MACOSX_DEPLOYMENT_TARGET = 10.8;
				ONLY_ACTIVE_ARCH = YES;
				PRODUCT_NAME = "$(TARGET_NAME)";
				SDKROOT = iphoneos;
				WRAPPER_EXTENSION = bundle;
			};
			name = Debug;
		};
		C0A00EA115F0AC770068685D /* Release */ = {
			isa = XCBuildConfiguration;
			buildSettings = {
				ARCHS = "$(ARCHS_STANDARD_32_BIT)";
				CLANG_CXX_LANGUAGE_STANDARD = "gnu++0x";
				CLANG_WARN__DUPLICATE_METHOD_MATCH = YES;
				COMBINE_HIDPI_IMAGES = NO;
				COMPRESS_PNG_FILES = NO;
				DEBUG_INFORMATION_FORMAT = "dwarf-with-dsym";
				GCC_ENABLE_OBJC_EXCEPTIONS = YES;
				GCC_PRECOMPILE_PREFIX_HEADER = YES;
				GCC_PREFIX_HEADER = "SpreadKitResources/SpreadKitResources-Prefix.pch";
				GCC_WARN_64_TO_32_BIT_CONVERSION = YES;
				GCC_WARN_UNINITIALIZED_AUTOS = YES;
				INFOPLIST_FILE = "SpreadKitResources/SpreadKitResources-Info.plist";
				INSTALL_PATH = "$(LOCAL_LIBRARY_DIR)/Bundles";
				MACOSX_DEPLOYMENT_TARGET = 10.8;
				PRODUCT_NAME = "$(TARGET_NAME)";
				SDKROOT = iphoneos;
				WRAPPER_EXTENSION = bundle;
			};
			name = Release;
		};
/* End XCBuildConfiguration section */

/* Begin XCConfigurationList section */
		C03806F7150103780004BFC4 /* Build configuration list for PBXNativeTarget "SpreadKitTests" */ = {
			isa = XCConfigurationList;
			buildConfigurations = (
				C03806F8150103780004BFC4 /* Debug */,
				C03806F9150103780004BFC4 /* Release */,
			);
			defaultConfigurationIsVisible = 0;
			defaultConfigurationName = Release;
		};
		C096A2961500E0B000C70D86 /* Build configuration list for PBXNativeTarget "SpreadKit" */ = {
			isa = XCConfigurationList;
			buildConfigurations = (
				C096A2971500E0B000C70D86 /* Debug */,
				C096A2981500E0B000C70D86 /* Release */,
			);
			defaultConfigurationIsVisible = 0;
			defaultConfigurationName = Release;
		};
		C09EF80D14C9953C000BB775 /* Build configuration list for PBXProject "SpreadKit" */ = {
			isa = XCConfigurationList;
			buildConfigurations = (
				C09EF81E14C9953C000BB775 /* Debug */,
				C09EF81F14C9953C000BB775 /* Release */,
			);
			defaultConfigurationIsVisible = 0;
			defaultConfigurationName = Release;
		};
		C0A00E9F15F0AC770068685D /* Build configuration list for PBXNativeTarget "SpreadKitResources" */ = {
			isa = XCConfigurationList;
			buildConfigurations = (
				C0A00EA015F0AC770068685D /* Debug */,
				C0A00EA115F0AC770068685D /* Release */,
			);
			defaultConfigurationIsVisible = 0;
			defaultConfigurationName = Release;
		};
/* End XCConfigurationList section */
	};
	rootObject = C09EF80A14C9953C000BB775 /* Project object */;
}
